{
  "version": 4,
  "terraform_version": "1.2.3",
  "serial": 1407,
  "lineage": "c9751c47-c9a7-81ac-32c6-cc87b022c8ef",
  "outputs": {
    "DC_admin_password": {
      "value": "Z0EPUz=X!-4FaPL#?Jwp",
      "type": "string",
      "sensitive": true
    },
    "DC_private_ip_address": {
      "value": "10.0.1.4",
      "type": "string"
    },
    "DC_public_ip_address": {
      "value": "20.212.167.177",
      "type": "string"
    },
    "resource_group_name": {
      "value": "winserver-japan-rg",
      "type": "string"
    },
    "tls_private_key": {
      "value": "-----BEGIN RSA PRIVATE KEY-----\nMIIJJwIBAAKCAgEAwk/rtWObZtIWN1DI3ArBQMXc0n3ivMjnhgPvOleabapMV4Wo\nwqoJ46+PEanRBYF0LK9wQZFWxCy03/CAk/IzHC+yMj5c2rIqI4yA1BKTwapmfPYT\nDbME+dHSZettNdnO43GNXM/Wn99QfKKEicRFkImjjVoH2S+bs0+CTPSlZQbb6Oo7\nGPcw4MI435sdzcwKAIuQG/NHc6oGdpYA8wioAvqwmMVmItG6prtvdb4RUyX6/ogc\nibjGcxm1nEA55o65gkR8x0fS+UatxDqPk8Z6udU1mSTH6d7ltl9Rj4igbe0QYm+m\nFEDKwMSksxo4iTcm4otDkXoKh34EB/2zXG0y9nCXZbcF0H/R4/0B3SYoUcSr4mbe\nE2Wp4Nxm1c3LFAsXVOG3RuF/CfAMugAwlZNTFtsGD70c7lWBe82wgDomRuzwSu2m\nwDU1fyGrTJaRXn+2ZA2mxy9CVMeNuD/lK7nD9i/UrMSJcSNOPQfH3623o8VwY6SD\nKrQhya8Jk2EFk6b0beTr8ucR/0iA5xWP1V+jV3Lx2zJ/nNuRmUilkm5qxTazdX0b\nws1eTh/f4i6212m1/CgJ2Nt/PFou4wh2Eip7ut5w4x/x+4BuFt6KdAkRbDI6DZ9j\nqHpISL8MOgp6soX87ZJj5rlmCyJ1OK9ydTqgMN5SiZqbL7SfOZdWkchBLHMCAwEA\nAQKCAgAxSG/yC5dolrRHx1eKZ7foI8cEJCWT2CjQlsLgO0PRuLWwJRhOdy4W73oL\n8tQu30yF4OFJ4ADvtJ8ThT43R+Cqr3Y0xBhs529EoOgz4ZpULlHcM9VVTihe7Fa+\nvt1uIRYWHcDK33QCDHOviNCw2HUEWcR/n2wKK8cDzZCw0AP7AahZBL+Eb32YI+qk\n3ATNI4kN5lfgnu1qap9FCHqpKXLjfo230ak7/5GlpDh61oAyZJmqYP9L9u9uVgD3\n5lpJHb3zSkeTi6X4z3JXKLstsdOCuo7jjq6dpIkCnl5jVzXJa60SKlsnG9/Q0I8t\nVeMs+i4Em2nBxgBRqSaAmFobgR7BbOuc9aWZb+3iTi7MBdrFuuqY/GKX55ulmGRg\nC4Q7/ipqQfrNH651CGaspfAkaOt4x0MB9iChvjeDLDsNZXEN3Ok9uKyie9DFjirP\nyAOkOP1UiPzU2drOVbvAc50icRljKSwaXjb+sLNvoxepG+fpi+ENf511lMhO0NrE\nEdP/BL1GVD5tQmJEfiaWhTTAvmhL9AC2qkAsUwxr0Yl1rFOEkZ8TKD0+1CHZxFA3\ncevxq5+uXn0afArH5ZQYadqr0zpYBhNClKtqX29KeuLE1OCt9IazJoD5yYJY1nOc\nrentZwPhQygaT20prQmZTS1FAnDjqJRjLxvYHUQ15FR6bsLlIQKCAQEA88RO2eII\nsKQcQScM29dyoQjEPqM9u+591cXluKMxK0wPF7W3Z4YSZ3o7fY8jUspJ5jzdE0/z\nT98Du/QAIc5UR0+obkbZosHoFVfH3zoRXfPT8spP13tMtakTAKwe07/Uf0SrAGGG\n9V7SF5NJPT5JzzNIX2Zl7nQ0zp2IXjHqnN6Qr93x+10ZSACXaZiaP/tA1BUokxX9\n+l1gYCH12dw5CBlUL3mHfocTYRjipNXHPBsdKYH2QX1XljFzPVENc8VSRuz0jh45\n2PYsTaeSvMXnIJ3fwmNrxpW69zXedRqw2A2Y20g1ukJDkIPqT74MkDwDoUP/meJa\nI/OxlOYuVCnoawKCAQEAzBBD2NGdCCSotvCuJqpEXHZ8hWIaeQpA7UdTk5iRy7RZ\nV7ZavCx1MdY2fAbXyq+GKR9tG+o+toOtBdfT9nwPI877nFLSkwR20HDANseyN1Qk\noUMx9wgtDjIMqTCj81s01xucc6XaOnhMjxCjUk13WciHSMNceJS65l+VpOinlJG0\nZrpCVTZwwtFfick+Vw3qgbZuQcpsl1P3ZFIX4t6PD1fM2m0MzkKrmm46naIMJlCT\nT02fX26oioM2WPlAv9u403fY4r7bNQrIvfZCXMBHiZtSWIRoCJ44A5ZdCdxl1bZH\nwyGFcvcpFn9FFyAHtCBg9tOGaBw+/DJd9Kohq8LuGQKCAQAEYqS0gL99RgaIGYa+\nsbqLMRgutEsZBWpYHS5LywvIZp7i408AWsYb/HPzh06wX5lCvheQEGElL7Lmf7Y8\n5XRYsBMsoLOrnOdq8uBSoL3NPeSzOnaDPuGbZwZDfdU0JABTpc2ZvSdrZKBM8kZg\nBq3XP2nu5W2yA38rtGPOpgE9fzeFIm4HAp7Az9npeWhU/FUnO5Y2RzABgAqK0DGX\nEMIp5iLAk+QfH5j2pzb0li/2Ydp9c6wVc4bO2ebj1IB0c7lOM1cW825A+/TCFOCr\n6reEu7JZ0eYPdYQejGaLHsbNrDjywPLOfgCvKeBePOIG+j1qekmv4AWVHf402os8\n0mAvAoIBAGC1eKIBvS0FyptgdvhGCz3SvXKtKqSgcmLBQd+aF8Z1gz3pYxj47NWg\nkpO23n/lLWzBwwDOw8fVoaM6RO70nmw3BNFyAu+/1ts0BDQx8cj87JsscDqFumyW\n1Z89OQX0/JbRNBUuzbyWFJpcpTo1ElIPkeWvCFzxB550QEQ2Km1jnB5vOU6PDWOW\nvHNdV1kEdFXi8l/log8ZsQ3vRfizxxLbZm9B7Sa3PAJlKQxZpu5lk1qrC9O7as6y\nHoiOH9yNMguuKbBUCSkbIkW8tnike4LAhIcEwRUMfrlcgl1RAUYGK/5THZ59ehB6\nYnDyMhRwn+N6HaGreUImUJbKJkjzickCggEANc6TIM5adZDJEprtzlk8X676n/GU\niBLQ1Xh3LSIYRQ6cwQv8DVF9X6qY5c1ZNdT/7ZRsdFyCY8I+g1Oe4CcC/nag7ZHg\nErm3II+4pQBTrlQafqrFzn/he8o+gQMqk41zRyl3yGZOzE2vi0VCME00mAf5vR8P\nzgAhMlWvk6/BHiDXoaJz+k21b8oAyjPhPxBkaFrGUfym2FJul8DmHkca6F/gLP9x\nsfern5qMaWvcWEHwNEOx7MPnllTOXnETHTBNu3Z3aVebFrzdsF7AmLOb4puqP9ly\nuX8zG+7lCq1ukGWIUCIdnrkni28DXdcr5QmbFDlaOxDk97hpraPe8DXydw==\n-----END RSA PRIVATE KEY-----\n",
      "type": "string",
      "sensitive": true
    },
    "unixclient_public_ip_address": {
      "value": "20.212.167.160",
      "type": "string"
    },
    "winclient_admin_password": {
      "value": "Z0EPUz=X!-4FaPL#?Jwp",
      "type": "string",
      "sensitive": true
    },
    "winclient_private_ip_address": {
      "value": "10.0.1.6",
      "type": "string"
    },
    "winclient_public_ip_address": {
      "value": "20.212.50.141",
      "type": "string"
    }
  },
  "resources": [
    {
      "mode": "data",
      "type": "template_file",
      "name": "ADDS",
      "provider": "provider[\"registry.terraform.io/hashicorp/template\"]",
      "instances": [
        {
          "schema_version": 0,
          "attributes": {
            "filename": null,
            "id": "3345507abb7a59410a082d423f9ae1d53dc0e03632210926da4532d29a7b77d9",
            "rendered": "# Windows powershell script for AD DS deployment\r\n\r\n[CmdletBinding()]\r\n\r\nparam \r\n( \r\n    [Parameter(ValuefromPipeline=$true,Mandatory=$true)] [string]$Domain_DNSName,\r\n    [Parameter(ValuefromPipeline=$true,Mandatory=$true)] [string]$Domain_NETBIOSName,\r\n    [Parameter(ValuefromPipeline=$true,Mandatory=$true)] [String]$SafeModeAdministratorPassword\r\n)\r\n\r\n$SMAP = ConvertTo-SecureString -AsPlainText $SafeModeAdministratorPassword -Force\r\n\r\n#install AD DS\r\nInstall-windowsFeature -name AD-Domain-Services -includeManagementTools\r\nmkdir C:/sendemail\r\n@'\r\n$Global:ErrorActionPreference = 'SilentlyContinue'\r\nStart-Sleep 120\r\n# Create another user for testing \r\n$splat = @{\r\n    Name = 'Noel John'\r\n    AccountPassword = (\"Hello@123\" | ConvertTo-SecureString -AsPlainText -Force)\r\n    Enabled = $true\r\n    ChangePasswordAtLogon = $false\r\n    PasswordNeverExpires = $false\r\n    SamAccountName='noelcj'\r\n    OtherAttributes = @{\r\n        'ProxyAddresses'='SMTP:noelcj9@gmail.com' \r\n    }\r\n}\r\nNew-ADUser @splat\r\n\r\n\r\n\r\n######################## Task 3 automation of email\r\n#Import AD Module\r\nImport-Module ActiveDirectory\r\n \r\n#Create warning dates for future password expiration\r\n$SevenDayWarnDate = (get-date).adddays(42).ToLongDateString()\r\n\r\n#Email Variables\r\n$MailSender = \"noelcj9@gmail.com\"\r\n$MailSenderPSWD = 'ksxniuwgvqidjrxj'\r\n$Subject = 'FYI - Your account password will expire soon'\r\n$EmailStub1 = 'I am a bot and performed this action automatically. I am here to inform you that the password for'\r\n$EmailStub2 = 'will expire in'\r\n$EmailStub3 = 'days on'\r\n$EmailStub4 = '. Please contact the help desk if you need assistance changing your password. DO NOT REPLY TO THIS EMAIL.'\r\n$SMTPServer = 'smtp.gmail.com'\r\n \r\n#Find accounts that are enabled and have expiring passwords\r\n$users = Get-ADUser -filter {Enabled -eq $True -and PasswordNeverExpires -eq $False -and PasswordLastSet -gt 0 } `\r\n -Properties \"Name\", \"ProxyAddresses\", \"msDS-UserPasswordExpiryTimeComputed\" | Select-Object -Property \"Name\", \"ProxyAddresses\", `\r\n @{Name = \"PasswordExpiry\"; Expression = {[datetime]::FromFileTime($_.\"msDS-UserPasswordExpiryTimeComputed\").tolongdatestring() }}\r\n \r\n#check password expiration date and send email on match\r\nforeach ($user in $users) {\r\n     if ($user.PasswordExpiry -eq $SevenDayWarnDate) {\r\n         $days = 42\r\n         $EmailBody = $EmailStub1, $user.name, $EmailStub2, $days, $EmailStub3, $SevenDayWarnDate, $EmailStub4 -join ' '\r\n         $Global:ErrorActionPreference = 'SilentlyContinue'\r\n         $MailArgs = @{\r\n            From       = $MailSender\r\n            To         = ($user.ProxyAddresses.Trim(\"SMTP:\"))\r\n            Subject    = $Subject\r\n            Body       = $EmailBody\r\n            SmtpServer = $SMTPServer\r\n            Port       = 587\r\n            UseSsl     = $true\r\n            Credential = New-Object pscredential $MailSender,$($MailSenderPSWD |ConvertTo-SecureString -AsPlainText -Force)\r\n        }\r\n        $MailArgs\r\n        Send-MailMessage @MailArgs\r\n        $MailArgs = $null\r\n     }\r\n }\r\n\r\n $Global:Error | Out-File \"C:/sendemail/log.txt\" -Force\r\n'@ | Out-File \"C:\\\\sendemail\\\\sendemail.ps1\"\r\n\r\nschtasks.exe /create /f /tn \"sendemail\" /ru SYSTEM /sc ONSTART /tr \"powershell.exe -file 'C:\\\\sendemail\\\\sendemail.ps1'\"\r\n\r\n#promote the server to a domain controller\r\nImport-Module ADDSDeployment\r\n\r\nInstall-ADDSForest -CreateDnsDelegation:$false `\r\n-DatabasePath \"C:\\Windows\\NTDS\" `\r\n-DomainMode \"WinThreshold\" `\r\n-DomainName $Domain_DNSName `\r\n-DomainNetbiosName $Domain_NETBIOSName `\r\n-ForestMode \"WinThreshold\" `\r\n-InstallDns:$true `\r\n-LogPath \"C:\\Windows\\NTDS\" `\r\n-NoRebootOnCompletion:$false `\r\n-SysvolPath \"C:\\Windows\\SYSVOL\" `\r\n-Force:$true `\r\n-SkipPreChecks `\r\n-SafeModeAdministratorPassword $SMAP\r\n\r\n",
            "template": "# Windows powershell script for AD DS deployment\r\n\r\n[CmdletBinding()]\r\n\r\nparam \r\n( \r\n    [Parameter(ValuefromPipeline=$true,Mandatory=$true)] [string]$Domain_DNSName,\r\n    [Parameter(ValuefromPipeline=$true,Mandatory=$true)] [string]$Domain_NETBIOSName,\r\n    [Parameter(ValuefromPipeline=$true,Mandatory=$true)] [String]$SafeModeAdministratorPassword\r\n)\r\n\r\n$SMAP = ConvertTo-SecureString -AsPlainText $SafeModeAdministratorPassword -Force\r\n\r\n#install AD DS\r\nInstall-windowsFeature -name AD-Domain-Services -includeManagementTools\r\nmkdir C:/sendemail\r\n@'\r\n$Global:ErrorActionPreference = 'SilentlyContinue'\r\nStart-Sleep 120\r\n# Create another user for testing \r\n$splat = @{\r\n    Name = 'Noel John'\r\n    AccountPassword = (\"Hello@123\" | ConvertTo-SecureString -AsPlainText -Force)\r\n    Enabled = $true\r\n    ChangePasswordAtLogon = $false\r\n    PasswordNeverExpires = $false\r\n    SamAccountName='noelcj'\r\n    OtherAttributes = @{\r\n        'ProxyAddresses'='SMTP:noelcj9@gmail.com' \r\n    }\r\n}\r\nNew-ADUser @splat\r\n\r\n\r\n\r\n######################## Task 3 automation of email\r\n#Import AD Module\r\nImport-Module ActiveDirectory\r\n \r\n#Create warning dates for future password expiration\r\n$SevenDayWarnDate = (get-date).adddays(42).ToLongDateString()\r\n\r\n#Email Variables\r\n$MailSender = \"noelcj9@gmail.com\"\r\n$MailSenderPSWD = 'ksxniuwgvqidjrxj'\r\n$Subject = 'FYI - Your account password will expire soon'\r\n$EmailStub1 = 'I am a bot and performed this action automatically. I am here to inform you that the password for'\r\n$EmailStub2 = 'will expire in'\r\n$EmailStub3 = 'days on'\r\n$EmailStub4 = '. Please contact the help desk if you need assistance changing your password. DO NOT REPLY TO THIS EMAIL.'\r\n$SMTPServer = 'smtp.gmail.com'\r\n \r\n#Find accounts that are enabled and have expiring passwords\r\n$users = Get-ADUser -filter {Enabled -eq $True -and PasswordNeverExpires -eq $False -and PasswordLastSet -gt 0 } `\r\n -Properties \"Name\", \"ProxyAddresses\", \"msDS-UserPasswordExpiryTimeComputed\" | Select-Object -Property \"Name\", \"ProxyAddresses\", `\r\n @{Name = \"PasswordExpiry\"; Expression = {[datetime]::FromFileTime($_.\"msDS-UserPasswordExpiryTimeComputed\").tolongdatestring() }}\r\n \r\n#check password expiration date and send email on match\r\nforeach ($user in $users) {\r\n     if ($user.PasswordExpiry -eq $SevenDayWarnDate) {\r\n         $days = 42\r\n         $EmailBody = $EmailStub1, $user.name, $EmailStub2, $days, $EmailStub3, $SevenDayWarnDate, $EmailStub4 -join ' '\r\n         $Global:ErrorActionPreference = 'SilentlyContinue'\r\n         $MailArgs = @{\r\n            From       = $MailSender\r\n            To         = ($user.ProxyAddresses.Trim(\"SMTP:\"))\r\n            Subject    = $Subject\r\n            Body       = $EmailBody\r\n            SmtpServer = $SMTPServer\r\n            Port       = 587\r\n            UseSsl     = $true\r\n            Credential = New-Object pscredential $MailSender,$($MailSenderPSWD |ConvertTo-SecureString -AsPlainText -Force)\r\n        }\r\n        $MailArgs\r\n        Send-MailMessage @MailArgs\r\n        $MailArgs = $null\r\n     }\r\n }\r\n\r\n $Global:Error | Out-File \"C:/sendemail/log.txt\" -Force\r\n'@ | Out-File \"C:\\\\sendemail\\\\sendemail.ps1\"\r\n\r\nschtasks.exe /create /f /tn \"sendemail\" /ru SYSTEM /sc ONSTART /tr \"powershell.exe -file 'C:\\\\sendemail\\\\sendemail.ps1'\"\r\n\r\n#promote the server to a domain controller\r\nImport-Module ADDSDeployment\r\n\r\nInstall-ADDSForest -CreateDnsDelegation:$false `\r\n-DatabasePath \"C:\\Windows\\NTDS\" `\r\n-DomainMode \"WinThreshold\" `\r\n-DomainName $Domain_DNSName `\r\n-DomainNetbiosName $Domain_NETBIOSName `\r\n-ForestMode \"WinThreshold\" `\r\n-InstallDns:$true `\r\n-LogPath \"C:\\Windows\\NTDS\" `\r\n-NoRebootOnCompletion:$false `\r\n-SysvolPath \"C:\\Windows\\SYSVOL\" `\r\n-Force:$true `\r\n-SkipPreChecks `\r\n-SafeModeAdministratorPassword $SMAP\r\n\r\n",
            "vars": {
              "Domain_DNSName": "contoso.local",
              "Domain_NETBIOSName": "CONTOSO",
              "SafeModeAdministratorPassword": "5][Kql\u003eI"
            }
          },
          "sensitive_attributes": [
            [
              {
                "type": "get_attr",
                "value": "vars"
              },
              {
                "type": "index",
                "value": {
                  "value": "SafeModeAdministratorPassword",
                  "type": "string"
                }
              }
            ]
          ]
        }
      ]
    },
    {
      "mode": "managed",
      "type": "azurerm_linux_virtual_machine",
      "name": "unixclient",
      "provider": "provider[\"registry.terraform.io/hashicorp/azurerm\"]",
      "instances": [
        {
          "schema_version": 0,
          "attributes": {
            "additional_capabilities": [],
            "admin_password": "Hello@1234321",
            "admin_ssh_key": [
              {
                "public_key": "ssh-rsa AAAAB3NzaC1yc2EAAAADAQABAAACAQDCT+u1Y5tm0hY3UMjcCsFAxdzSfeK8yOeGA+86V5ptqkxXhajCqgnjr48RqdEFgXQsr3BBkVbELLTf8ICT8jMcL7IyPlzasiojjIDUEpPBqmZ89hMNswT50dJl62012c7jcY1cz9af31B8ooSJxEWQiaONWgfZL5uzT4JM9KVlBtvo6jsY9zDgwjjfmx3NzAoAi5Ab80dzqgZ2lgDzCKgC+rCYxWYi0bqmu291vhFTJfr+iByJuMZzGbWcQDnmjrmCRHzHR9L5Rq3EOo+Txnq51TWZJMfp3uW2X1GPiKBt7RBib6YUQMrAxKSzGjiJNybii0ORegqHfgQH/bNcbTL2cJdltwXQf9Hj/QHdJihRxKviZt4TZang3GbVzcsUCxdU4bdG4X8J8Ay6ADCVk1MW2wYPvRzuVYF7zbCAOiZG7PBK7abANTV/IatMlpFef7ZkDabHL0JUx424P+UrucP2L9SsxIlxI049B8ffrbejxXBjpIMqtCHJrwmTYQWTpvRt5Ovy5xH/SIDnFY/VX6NXcvHbMn+c25GZSKWSbmrFNrN1fRvCzV5OH9/iLrbXabX8KAnY2388Wi7jCHYSKnu63nDjH/H7gG4W3op0CRFsMjoNn2OoekhIvww6CnqyhfztkmPmuWYLInU4r3J1OqAw3lKJmpsvtJ85l1aRyEEscw==\n",
                "username": "azureuser"
              }
            ],
            "admin_username": "azureuser",
            "allow_extension_operations": true,
            "availability_set_id": "",
            "boot_diagnostics": [
              {
                "storage_account_uri": "https://diag360527e0793b5fd7.blob.core.windows.net/"
              }
            ],
            "capacity_reservation_group_id": "",
            "computer_name": "unixclient-vm",
            "custom_data": null,
            "dedicated_host_group_id": "",
            "dedicated_host_id": "",
            "disable_password_authentication": false,
            "edge_zone": "",
            "encryption_at_host_enabled": false,
            "eviction_policy": "",
            "extensions_time_budget": "PT1H30M",
            "gallery_application": [],
            "id": "/subscriptions/d38bd7c1-7749-48cb-ac75-daa782797ca7/resourceGroups/winserver-japan-rg/providers/Microsoft.Compute/virtualMachines/unixclient-vm",
            "identity": [],
            "license_type": "",
            "location": "southeastasia",
            "max_bid_price": -1,
            "name": "unixclient-vm",
            "network_interface_ids": [
              "/subscriptions/d38bd7c1-7749-48cb-ac75-daa782797ca7/resourceGroups/winserver-japan-rg/providers/Microsoft.Network/networkInterfaces/myNIC"
            ],
            "os_disk": [
              {
                "caching": "ReadWrite",
                "diff_disk_settings": [],
                "disk_encryption_set_id": "",
                "disk_size_gb": 30,
                "name": "unixclient_disk",
                "secure_vm_disk_encryption_set_id": "",
                "security_encryption_type": "",
                "storage_account_type": "Premium_LRS",
                "write_accelerator_enabled": false
              }
            ],
            "patch_assessment_mode": "ImageDefault",
            "patch_mode": "ImageDefault",
            "plan": [],
            "platform_fault_domain": -1,
            "priority": "Regular",
            "private_ip_address": "10.0.1.5",
            "private_ip_addresses": [
              "10.0.1.5"
            ],
            "provision_vm_agent": true,
            "proximity_placement_group_id": "",
            "public_ip_address": "20.212.167.160",
            "public_ip_addresses": [
              "20.212.167.160"
            ],
            "resource_group_name": "winserver-japan-rg",
            "secret": [],
            "secure_boot_enabled": false,
            "size": "Standard_DS1_v2",
            "source_image_id": "",
            "source_image_reference": [
              {
                "offer": "0001-com-ubuntu-server-jammy",
                "publisher": "Canonical",
                "sku": "22_04-lts-gen2",
                "version": "latest"
              }
            ],
            "tags": null,
            "termination_notification": null,
            "timeouts": null,
            "user_data": "",
            "virtual_machine_id": "52c4a2ba-a4e6-4e8f-91cc-a51247bca361",
            "virtual_machine_scale_set_id": "",
            "vtpm_enabled": false,
            "zone": ""
          },
          "sensitive_attributes": [],
          "private": "eyJlMmJmYjczMC1lY2FhLTExZTYtOGY4OC0zNDM2M2JjN2M0YzAiOnsiY3JlYXRlIjoyNzAwMDAwMDAwMDAwLCJkZWxldGUiOjI3MDAwMDAwMDAwMDAsInJlYWQiOjMwMDAwMDAwMDAwMCwidXBkYXRlIjoyNzAwMDAwMDAwMDAwfX0=",
          "dependencies": [
            "azurerm_network_interface.dc_nic",
            "azurerm_network_interface.unixclient_nic",
            "azurerm_public_ip.dc_public_ip",
            "azurerm_public_ip.unixclient_public_ip",
            "azurerm_resource_group.rg",
            "azurerm_storage_account.unixclient_storage_account",
            "azurerm_subnet.my_terraform_subnet",
            "azurerm_virtual_network.my_terraform_network",
            "random_id.unixclient_storage_account_id",
            "random_shuffle.locations",
            "tls_private_key.example_ssh"
          ]
        }
      ]
    },
    {
      "mode": "managed",
      "type": "azurerm_network_interface",
      "name": "dc_nic",
      "provider": "provider[\"registry.terraform.io/hashicorp/azurerm\"]",
      "instances": [
        {
          "schema_version": 0,
          "attributes": {
            "applied_dns_servers": [],
            "dns_servers": [],
            "edge_zone": "",
            "enable_accelerated_networking": false,
            "enable_ip_forwarding": false,
            "id": "/subscriptions/d38bd7c1-7749-48cb-ac75-daa782797ca7/resourceGroups/winserver-japan-rg/providers/Microsoft.Network/networkInterfaces/winserver-japan-nic",
            "internal_dns_name_label": "",
            "internal_domain_name_suffix": "rs3j31u2dpiujbuhvwhz0cadzc.ix.internal.cloudapp.net",
            "ip_configuration": [
              {
                "gateway_load_balancer_frontend_ip_configuration_id": "",
                "name": "dc_nic_configuration",
                "primary": true,
                "private_ip_address": "10.0.1.4",
                "private_ip_address_allocation": "Dynamic",
                "private_ip_address_version": "IPv4",
                "public_ip_address_id": "/subscriptions/d38bd7c1-7749-48cb-ac75-daa782797ca7/resourceGroups/winserver-japan-rg/providers/Microsoft.Network/publicIPAddresses/winserver-japan-public-ip",
                "subnet_id": "/subscriptions/d38bd7c1-7749-48cb-ac75-daa782797ca7/resourceGroups/winserver-japan-rg/providers/Microsoft.Network/virtualNetworks/winserver-japan-vnet/subnets/winserver-japan-subnet"
              }
            ],
            "location": "southeastasia",
            "mac_address": "",
            "name": "winserver-japan-nic",
            "private_ip_address": "10.0.1.4",
            "private_ip_addresses": [
              "10.0.1.4"
            ],
            "resource_group_name": "winserver-japan-rg",
            "tags": null,
            "timeouts": null,
            "virtual_machine_id": ""
          },
          "sensitive_attributes": [],
          "private": "eyJlMmJmYjczMC1lY2FhLTExZTYtOGY4OC0zNDM2M2JjN2M0YzAiOnsiY3JlYXRlIjoxODAwMDAwMDAwMDAwLCJkZWxldGUiOjE4MDAwMDAwMDAwMDAsInJlYWQiOjMwMDAwMDAwMDAwMCwidXBkYXRlIjoxODAwMDAwMDAwMDAwfX0=",
          "dependencies": [
            "azurerm_public_ip.dc_public_ip",
            "azurerm_resource_group.rg",
            "azurerm_subnet.my_terraform_subnet",
            "azurerm_virtual_network.my_terraform_network",
            "random_shuffle.locations"
          ]
        }
      ]
    },
    {
      "mode": "managed",
      "type": "azurerm_network_interface",
      "name": "unixclient_nic",
      "provider": "provider[\"registry.terraform.io/hashicorp/azurerm\"]",
      "instances": [
        {
          "schema_version": 0,
          "attributes": {
            "applied_dns_servers": [],
            "dns_servers": [
              "10.0.1.4"
            ],
            "edge_zone": "",
            "enable_accelerated_networking": false,
            "enable_ip_forwarding": false,
            "id": "/subscriptions/d38bd7c1-7749-48cb-ac75-daa782797ca7/resourceGroups/winserver-japan-rg/providers/Microsoft.Network/networkInterfaces/myNIC",
            "internal_dns_name_label": "",
            "internal_domain_name_suffix": "rs3j31u2dpiujbuhvwhz0cadzc.ix.internal.cloudapp.net",
            "ip_configuration": [
              {
                "gateway_load_balancer_frontend_ip_configuration_id": "",
                "name": "my_nic_configuration",
                "primary": true,
                "private_ip_address": "10.0.1.5",
                "private_ip_address_allocation": "Dynamic",
                "private_ip_address_version": "IPv4",
                "public_ip_address_id": "/subscriptions/d38bd7c1-7749-48cb-ac75-daa782797ca7/resourceGroups/winserver-japan-rg/providers/Microsoft.Network/publicIPAddresses/unixclient_public_ip",
                "subnet_id": "/subscriptions/d38bd7c1-7749-48cb-ac75-daa782797ca7/resourceGroups/winserver-japan-rg/providers/Microsoft.Network/virtualNetworks/winserver-japan-vnet/subnets/winserver-japan-subnet"
              }
            ],
            "location": "southeastasia",
            "mac_address": "",
            "name": "myNIC",
            "private_ip_address": "10.0.1.5",
            "private_ip_addresses": [
              "10.0.1.5"
            ],
            "resource_group_name": "winserver-japan-rg",
            "tags": null,
            "timeouts": null,
            "virtual_machine_id": ""
          },
          "sensitive_attributes": [],
          "private": "eyJlMmJmYjczMC1lY2FhLTExZTYtOGY4OC0zNDM2M2JjN2M0YzAiOnsiY3JlYXRlIjoxODAwMDAwMDAwMDAwLCJkZWxldGUiOjE4MDAwMDAwMDAwMDAsInJlYWQiOjMwMDAwMDAwMDAwMCwidXBkYXRlIjoxODAwMDAwMDAwMDAwfX0=",
          "dependencies": [
            "azurerm_network_interface.dc_nic",
            "azurerm_public_ip.dc_public_ip",
            "azurerm_public_ip.unixclient_public_ip",
            "azurerm_resource_group.rg",
            "azurerm_subnet.my_terraform_subnet",
            "azurerm_virtual_network.my_terraform_network",
            "random_shuffle.locations"
          ]
        }
      ]
    },
    {
      "mode": "managed",
      "type": "azurerm_network_interface",
      "name": "winclient_nic",
      "provider": "provider[\"registry.terraform.io/hashicorp/azurerm\"]",
      "instances": [
        {
          "schema_version": 0,
          "attributes": {
            "applied_dns_servers": [],
            "dns_servers": [
              "10.0.1.4"
            ],
            "edge_zone": "",
            "enable_accelerated_networking": false,
            "enable_ip_forwarding": false,
            "id": "/subscriptions/d38bd7c1-7749-48cb-ac75-daa782797ca7/resourceGroups/winserver-japan-rg/providers/Microsoft.Network/networkInterfaces/winclient-japan-nic",
            "internal_dns_name_label": "",
            "internal_domain_name_suffix": "rs3j31u2dpiujbuhvwhz0cadzc.ix.internal.cloudapp.net",
            "ip_configuration": [
              {
                "gateway_load_balancer_frontend_ip_configuration_id": "",
                "name": "my_nic_configuration",
                "primary": true,
                "private_ip_address": "10.0.1.6",
                "private_ip_address_allocation": "Dynamic",
                "private_ip_address_version": "IPv4",
                "public_ip_address_id": "/subscriptions/d38bd7c1-7749-48cb-ac75-daa782797ca7/resourceGroups/winserver-japan-rg/providers/Microsoft.Network/publicIPAddresses/winclient-japan-public-ip",
                "subnet_id": "/subscriptions/d38bd7c1-7749-48cb-ac75-daa782797ca7/resourceGroups/winserver-japan-rg/providers/Microsoft.Network/virtualNetworks/winserver-japan-vnet/subnets/winserver-japan-subnet"
              }
            ],
            "location": "southeastasia",
            "mac_address": "",
            "name": "winclient-japan-nic",
            "private_ip_address": "10.0.1.6",
            "private_ip_addresses": [
              "10.0.1.6"
            ],
            "resource_group_name": "winserver-japan-rg",
            "tags": null,
            "timeouts": null,
            "virtual_machine_id": ""
          },
          "sensitive_attributes": [],
          "private": "eyJlMmJmYjczMC1lY2FhLTExZTYtOGY4OC0zNDM2M2JjN2M0YzAiOnsiY3JlYXRlIjoxODAwMDAwMDAwMDAwLCJkZWxldGUiOjE4MDAwMDAwMDAwMDAsInJlYWQiOjMwMDAwMDAwMDAwMCwidXBkYXRlIjoxODAwMDAwMDAwMDAwfX0=",
          "dependencies": [
            "azurerm_network_interface.dc_nic",
            "azurerm_public_ip.dc_public_ip",
            "azurerm_public_ip.winclient_public_ip",
            "azurerm_resource_group.rg",
            "azurerm_subnet.my_terraform_subnet",
            "azurerm_virtual_network.my_terraform_network",
            "random_shuffle.locations"
          ]
        }
      ]
    },
    {
      "mode": "managed",
      "type": "azurerm_network_interface_security_group_association",
      "name": "dc_bind",
      "provider": "provider[\"registry.terraform.io/hashicorp/azurerm\"]",
      "instances": [
        {
          "schema_version": 0,
          "attributes": {
            "id": "/subscriptions/d38bd7c1-7749-48cb-ac75-daa782797ca7/resourceGroups/winserver-japan-rg/providers/Microsoft.Network/networkInterfaces/winserver-japan-nic|/subscriptions/d38bd7c1-7749-48cb-ac75-daa782797ca7/resourceGroups/winserver-japan-rg/providers/Microsoft.Network/networkSecurityGroups/winserver-japan-nsg",
            "network_interface_id": "/subscriptions/d38bd7c1-7749-48cb-ac75-daa782797ca7/resourceGroups/winserver-japan-rg/providers/Microsoft.Network/networkInterfaces/winserver-japan-nic",
            "network_security_group_id": "/subscriptions/d38bd7c1-7749-48cb-ac75-daa782797ca7/resourceGroups/winserver-japan-rg/providers/Microsoft.Network/networkSecurityGroups/winserver-japan-nsg",
            "timeouts": null
          },
          "sensitive_attributes": [],
          "private": "eyJlMmJmYjczMC1lY2FhLTExZTYtOGY4OC0zNDM2M2JjN2M0YzAiOnsiY3JlYXRlIjoxODAwMDAwMDAwMDAwLCJkZWxldGUiOjE4MDAwMDAwMDAwMDAsInJlYWQiOjMwMDAwMDAwMDAwMCwidXBkYXRlIjoxODAwMDAwMDAwMDAwfX0=",
          "dependencies": [
            "azurerm_network_interface.dc_nic",
            "azurerm_network_security_group.dc_nsg",
            "azurerm_public_ip.dc_public_ip",
            "azurerm_resource_group.rg",
            "azurerm_subnet.my_terraform_subnet",
            "azurerm_virtual_network.my_terraform_network",
            "random_shuffle.locations"
          ]
        }
      ]
    },
    {
      "mode": "managed",
      "type": "azurerm_network_interface_security_group_association",
      "name": "example",
      "provider": "provider[\"registry.terraform.io/hashicorp/azurerm\"]",
      "instances": [
        {
          "schema_version": 0,
          "attributes": {
            "id": "/subscriptions/d38bd7c1-7749-48cb-ac75-daa782797ca7/resourceGroups/winserver-japan-rg/providers/Microsoft.Network/networkInterfaces/myNIC|/subscriptions/d38bd7c1-7749-48cb-ac75-daa782797ca7/resourceGroups/winserver-japan-rg/providers/Microsoft.Network/networkSecurityGroups/myNetworkSecurityGroup",
            "network_interface_id": "/subscriptions/d38bd7c1-7749-48cb-ac75-daa782797ca7/resourceGroups/winserver-japan-rg/providers/Microsoft.Network/networkInterfaces/myNIC",
            "network_security_group_id": "/subscriptions/d38bd7c1-7749-48cb-ac75-daa782797ca7/resourceGroups/winserver-japan-rg/providers/Microsoft.Network/networkSecurityGroups/myNetworkSecurityGroup",
            "timeouts": null
          },
          "sensitive_attributes": [],
          "private": "eyJlMmJmYjczMC1lY2FhLTExZTYtOGY4OC0zNDM2M2JjN2M0YzAiOnsiY3JlYXRlIjoxODAwMDAwMDAwMDAwLCJkZWxldGUiOjE4MDAwMDAwMDAwMDAsInJlYWQiOjMwMDAwMDAwMDAwMCwidXBkYXRlIjoxODAwMDAwMDAwMDAwfX0=",
          "dependencies": [
            "azurerm_network_interface.dc_nic",
            "azurerm_network_interface.unixclient_nic",
            "azurerm_network_security_group.unixclient_nsg",
            "azurerm_public_ip.dc_public_ip",
            "azurerm_public_ip.unixclient_public_ip",
            "azurerm_resource_group.rg",
            "azurerm_subnet.my_terraform_subnet",
            "azurerm_virtual_network.my_terraform_network",
            "random_shuffle.locations"
          ]
        }
      ]
    },
    {
      "mode": "managed",
      "type": "azurerm_network_interface_security_group_association",
      "name": "winclient_bind",
      "provider": "provider[\"registry.terraform.io/hashicorp/azurerm\"]",
      "instances": [
        {
          "schema_version": 0,
          "attributes": {
            "id": "/subscriptions/d38bd7c1-7749-48cb-ac75-daa782797ca7/resourceGroups/winserver-japan-rg/providers/Microsoft.Network/networkInterfaces/winclient-japan-nic|/subscriptions/d38bd7c1-7749-48cb-ac75-daa782797ca7/resourceGroups/winserver-japan-rg/providers/Microsoft.Network/networkSecurityGroups/winclient-japan-nsg",
            "network_interface_id": "/subscriptions/d38bd7c1-7749-48cb-ac75-daa782797ca7/resourceGroups/winserver-japan-rg/providers/Microsoft.Network/networkInterfaces/winclient-japan-nic",
            "network_security_group_id": "/subscriptions/d38bd7c1-7749-48cb-ac75-daa782797ca7/resourceGroups/winserver-japan-rg/providers/Microsoft.Network/networkSecurityGroups/winclient-japan-nsg",
            "timeouts": null
          },
          "sensitive_attributes": [],
          "private": "eyJlMmJmYjczMC1lY2FhLTExZTYtOGY4OC0zNDM2M2JjN2M0YzAiOnsiY3JlYXRlIjoxODAwMDAwMDAwMDAwLCJkZWxldGUiOjE4MDAwMDAwMDAwMDAsInJlYWQiOjMwMDAwMDAwMDAwMCwidXBkYXRlIjoxODAwMDAwMDAwMDAwfX0=",
          "dependencies": [
            "azurerm_network_interface.dc_nic",
            "azurerm_network_interface.winclient_nic",
            "azurerm_network_security_group.winclient_nsg",
            "azurerm_public_ip.dc_public_ip",
            "azurerm_public_ip.winclient_public_ip",
            "azurerm_resource_group.rg",
            "azurerm_subnet.my_terraform_subnet",
            "azurerm_virtual_network.my_terraform_network",
            "random_shuffle.locations"
          ]
        }
      ]
    },
    {
      "mode": "managed",
      "type": "azurerm_network_security_group",
      "name": "dc_nsg",
      "provider": "provider[\"registry.terraform.io/hashicorp/azurerm\"]",
      "instances": [
        {
          "schema_version": 0,
          "attributes": {
            "id": "/subscriptions/d38bd7c1-7749-48cb-ac75-daa782797ca7/resourceGroups/winserver-japan-rg/providers/Microsoft.Network/networkSecurityGroups/winserver-japan-nsg",
            "location": "southeastasia",
            "name": "winserver-japan-nsg",
            "resource_group_name": "winserver-japan-rg",
            "security_rule": [
              {
                "access": "Allow",
                "description": "",
                "destination_address_prefix": "*",
                "destination_address_prefixes": [],
                "destination_application_security_group_ids": [],
                "destination_port_range": "3389",
                "destination_port_ranges": [],
                "direction": "Inbound",
                "name": "RDP",
                "priority": 1000,
                "protocol": "*",
                "source_address_prefix": "*",
                "source_address_prefixes": [],
                "source_application_security_group_ids": [],
                "source_port_range": "*",
                "source_port_ranges": []
              },
              {
                "access": "Allow",
                "description": "",
                "destination_address_prefix": "*",
                "destination_address_prefixes": [],
                "destination_application_security_group_ids": [],
                "destination_port_range": "80",
                "destination_port_ranges": [],
                "direction": "Inbound",
                "name": "web",
                "priority": 1001,
                "protocol": "Tcp",
                "source_address_prefix": "*",
                "source_address_prefixes": [],
                "source_application_security_group_ids": [],
                "source_port_range": "*",
                "source_port_ranges": []
              }
            ],
            "tags": null,
            "timeouts": null
          },
          "sensitive_attributes": [],
          "private": "eyJlMmJmYjczMC1lY2FhLTExZTYtOGY4OC0zNDM2M2JjN2M0YzAiOnsiY3JlYXRlIjoxODAwMDAwMDAwMDAwLCJkZWxldGUiOjE4MDAwMDAwMDAwMDAsInJlYWQiOjMwMDAwMDAwMDAwMCwidXBkYXRlIjoxODAwMDAwMDAwMDAwfX0=",
          "dependencies": [
            "azurerm_resource_group.rg",
            "random_shuffle.locations"
          ]
        }
      ]
    },
    {
      "mode": "managed",
      "type": "azurerm_network_security_group",
      "name": "unixclient_nsg",
      "provider": "provider[\"registry.terraform.io/hashicorp/azurerm\"]",
      "instances": [
        {
          "schema_version": 0,
          "attributes": {
            "id": "/subscriptions/d38bd7c1-7749-48cb-ac75-daa782797ca7/resourceGroups/winserver-japan-rg/providers/Microsoft.Network/networkSecurityGroups/myNetworkSecurityGroup",
            "location": "southeastasia",
            "name": "myNetworkSecurityGroup",
            "resource_group_name": "winserver-japan-rg",
            "security_rule": [
              {
                "access": "Allow",
                "description": "",
                "destination_address_prefix": "*",
                "destination_address_prefixes": [],
                "destination_application_security_group_ids": [],
                "destination_port_range": "22",
                "destination_port_ranges": [],
                "direction": "Inbound",
                "name": "SSH",
                "priority": 1001,
                "protocol": "Tcp",
                "source_address_prefix": "*",
                "source_address_prefixes": [],
                "source_application_security_group_ids": [],
                "source_port_range": "*",
                "source_port_ranges": []
              }
            ],
            "tags": null,
            "timeouts": null
          },
          "sensitive_attributes": [],
          "private": "eyJlMmJmYjczMC1lY2FhLTExZTYtOGY4OC0zNDM2M2JjN2M0YzAiOnsiY3JlYXRlIjoxODAwMDAwMDAwMDAwLCJkZWxldGUiOjE4MDAwMDAwMDAwMDAsInJlYWQiOjMwMDAwMDAwMDAwMCwidXBkYXRlIjoxODAwMDAwMDAwMDAwfX0=",
          "dependencies": [
            "azurerm_resource_group.rg",
            "random_shuffle.locations"
          ]
        }
      ]
    },
    {
      "mode": "managed",
      "type": "azurerm_network_security_group",
      "name": "winclient_nsg",
      "provider": "provider[\"registry.terraform.io/hashicorp/azurerm\"]",
      "instances": [
        {
          "schema_version": 0,
          "attributes": {
            "id": "/subscriptions/d38bd7c1-7749-48cb-ac75-daa782797ca7/resourceGroups/winserver-japan-rg/providers/Microsoft.Network/networkSecurityGroups/winclient-japan-nsg",
            "location": "southeastasia",
            "name": "winclient-japan-nsg",
            "resource_group_name": "winserver-japan-rg",
            "security_rule": [
              {
                "access": "Allow",
                "description": "",
                "destination_address_prefix": "*",
                "destination_address_prefixes": [],
                "destination_application_security_group_ids": [],
                "destination_port_range": "3389",
                "destination_port_ranges": [],
                "direction": "Inbound",
                "name": "RDP",
                "priority": 1000,
                "protocol": "*",
                "source_address_prefix": "*",
                "source_address_prefixes": [],
                "source_application_security_group_ids": [],
                "source_port_range": "*",
                "source_port_ranges": []
              },
              {
                "access": "Allow",
                "description": "",
                "destination_address_prefix": "*",
                "destination_address_prefixes": [],
                "destination_application_security_group_ids": [],
                "destination_port_range": "80",
                "destination_port_ranges": [],
                "direction": "Inbound",
                "name": "web",
                "priority": 1001,
                "protocol": "Tcp",
                "source_address_prefix": "*",
                "source_address_prefixes": [],
                "source_application_security_group_ids": [],
                "source_port_range": "*",
                "source_port_ranges": []
              }
            ],
            "tags": null,
            "timeouts": null
          },
          "sensitive_attributes": [],
          "private": "eyJlMmJmYjczMC1lY2FhLTExZTYtOGY4OC0zNDM2M2JjN2M0YzAiOnsiY3JlYXRlIjoxODAwMDAwMDAwMDAwLCJkZWxldGUiOjE4MDAwMDAwMDAwMDAsInJlYWQiOjMwMDAwMDAwMDAwMCwidXBkYXRlIjoxODAwMDAwMDAwMDAwfX0=",
          "dependencies": [
            "azurerm_resource_group.rg",
            "random_shuffle.locations"
          ]
        }
      ]
    },
    {
      "mode": "managed",
      "type": "azurerm_public_ip",
      "name": "dc_public_ip",
      "provider": "provider[\"registry.terraform.io/hashicorp/azurerm\"]",
      "instances": [
        {
          "schema_version": 0,
          "attributes": {
            "allocation_method": "Dynamic",
            "ddos_protection_mode": "VirtualNetworkInherited",
            "ddos_protection_plan_id": null,
            "domain_name_label": null,
            "edge_zone": "",
            "fqdn": null,
            "id": "/subscriptions/d38bd7c1-7749-48cb-ac75-daa782797ca7/resourceGroups/winserver-japan-rg/providers/Microsoft.Network/publicIPAddresses/winserver-japan-public-ip",
            "idle_timeout_in_minutes": 4,
            "ip_address": "",
            "ip_tags": null,
            "ip_version": "IPv4",
            "location": "southeastasia",
            "name": "winserver-japan-public-ip",
            "public_ip_prefix_id": null,
            "resource_group_name": "winserver-japan-rg",
            "reverse_fqdn": null,
            "sku": "Basic",
            "sku_tier": "Regional",
            "tags": null,
            "timeouts": null,
            "zones": null
          },
          "sensitive_attributes": [],
          "private": "eyJlMmJmYjczMC1lY2FhLTExZTYtOGY4OC0zNDM2M2JjN2M0YzAiOnsiY3JlYXRlIjoxODAwMDAwMDAwMDAwLCJkZWxldGUiOjE4MDAwMDAwMDAwMDAsInJlYWQiOjMwMDAwMDAwMDAwMCwidXBkYXRlIjoxODAwMDAwMDAwMDAwfX0=",
          "dependencies": [
            "azurerm_resource_group.rg",
            "random_shuffle.locations"
          ]
        }
      ]
    },
    {
      "mode": "managed",
      "type": "azurerm_public_ip",
      "name": "unixclient_public_ip",
      "provider": "provider[\"registry.terraform.io/hashicorp/azurerm\"]",
      "instances": [
        {
          "schema_version": 0,
          "attributes": {
            "allocation_method": "Dynamic",
            "ddos_protection_mode": "VirtualNetworkInherited",
            "ddos_protection_plan_id": null,
            "domain_name_label": null,
            "edge_zone": "",
            "fqdn": null,
            "id": "/subscriptions/d38bd7c1-7749-48cb-ac75-daa782797ca7/resourceGroups/winserver-japan-rg/providers/Microsoft.Network/publicIPAddresses/unixclient_public_ip",
            "idle_timeout_in_minutes": 4,
            "ip_address": "",
            "ip_tags": null,
            "ip_version": "IPv4",
            "location": "southeastasia",
            "name": "unixclient_public_ip",
            "public_ip_prefix_id": null,
            "resource_group_name": "winserver-japan-rg",
            "reverse_fqdn": null,
            "sku": "Basic",
            "sku_tier": "Regional",
            "tags": null,
            "timeouts": null,
            "zones": null
          },
          "sensitive_attributes": [],
          "private": "eyJlMmJmYjczMC1lY2FhLTExZTYtOGY4OC0zNDM2M2JjN2M0YzAiOnsiY3JlYXRlIjoxODAwMDAwMDAwMDAwLCJkZWxldGUiOjE4MDAwMDAwMDAwMDAsInJlYWQiOjMwMDAwMDAwMDAwMCwidXBkYXRlIjoxODAwMDAwMDAwMDAwfX0=",
          "dependencies": [
            "azurerm_resource_group.rg",
            "random_shuffle.locations"
          ]
        }
      ]
    },
    {
      "mode": "managed",
      "type": "azurerm_public_ip",
      "name": "winclient_public_ip",
      "provider": "provider[\"registry.terraform.io/hashicorp/azurerm\"]",
      "instances": [
        {
          "schema_version": 0,
          "attributes": {
            "allocation_method": "Dynamic",
            "ddos_protection_mode": "VirtualNetworkInherited",
            "ddos_protection_plan_id": null,
            "domain_name_label": null,
            "edge_zone": "",
            "fqdn": null,
            "id": "/subscriptions/d38bd7c1-7749-48cb-ac75-daa782797ca7/resourceGroups/winserver-japan-rg/providers/Microsoft.Network/publicIPAddresses/winclient-japan-public-ip",
            "idle_timeout_in_minutes": 4,
            "ip_address": "",
            "ip_tags": null,
            "ip_version": "IPv4",
            "location": "southeastasia",
            "name": "winclient-japan-public-ip",
            "public_ip_prefix_id": null,
            "resource_group_name": "winserver-japan-rg",
            "reverse_fqdn": null,
            "sku": "Basic",
            "sku_tier": "Regional",
            "tags": null,
            "timeouts": null,
            "zones": null
          },
          "sensitive_attributes": [],
          "private": "eyJlMmJmYjczMC1lY2FhLTExZTYtOGY4OC0zNDM2M2JjN2M0YzAiOnsiY3JlYXRlIjoxODAwMDAwMDAwMDAwLCJkZWxldGUiOjE4MDAwMDAwMDAwMDAsInJlYWQiOjMwMDAwMDAwMDAwMCwidXBkYXRlIjoxODAwMDAwMDAwMDAwfX0=",
          "dependencies": [
            "azurerm_resource_group.rg",
            "random_shuffle.locations"
          ]
        }
      ]
    },
    {
      "mode": "managed",
      "type": "azurerm_resource_group",
      "name": "rg",
      "provider": "provider[\"registry.terraform.io/hashicorp/azurerm\"]",
      "instances": [
        {
          "schema_version": 0,
          "attributes": {
            "id": "/subscriptions/d38bd7c1-7749-48cb-ac75-daa782797ca7/resourceGroups/winserver-japan-rg",
            "location": "southeastasia",
            "name": "winserver-japan-rg",
            "tags": null,
            "timeouts": null
          },
          "sensitive_attributes": [],
          "private": "eyJlMmJmYjczMC1lY2FhLTExZTYtOGY4OC0zNDM2M2JjN2M0YzAiOnsiY3JlYXRlIjo1NDAwMDAwMDAwMDAwLCJkZWxldGUiOjU0MDAwMDAwMDAwMDAsInJlYWQiOjMwMDAwMDAwMDAwMCwidXBkYXRlIjo1NDAwMDAwMDAwMDAwfX0=",
          "dependencies": [
            "random_shuffle.locations"
          ]
        }
      ]
    },
    {
      "mode": "managed",
      "type": "azurerm_storage_account",
      "name": "dc_storage_account",
      "provider": "provider[\"registry.terraform.io/hashicorp/azurerm\"]",
      "instances": [
        {
          "schema_version": 3,
          "attributes": {
            "access_tier": "Hot",
            "account_kind": "StorageV2",
            "account_replication_type": "LRS",
            "account_tier": "Standard",
            "allow_nested_items_to_be_public": true,
            "allowed_copy_scope": "",
            "azure_files_authentication": [],
            "blob_properties": [
              {
                "change_feed_enabled": false,
                "change_feed_retention_in_days": 0,
                "container_delete_retention_policy": [],
                "cors_rule": [],
                "default_service_version": "",
                "delete_retention_policy": [],
                "last_access_time_enabled": false,
                "restore_policy": [],
                "versioning_enabled": false
              }
            ],
            "cross_tenant_replication_enabled": true,
            "custom_domain": [],
            "customer_managed_key": [],
            "default_to_oauth_authentication": false,
            "edge_zone": "",
            "enable_https_traffic_only": true,
            "id": "/subscriptions/d38bd7c1-7749-48cb-ac75-daa782797ca7/resourceGroups/winserver-japan-rg/providers/Microsoft.Storage/storageAccounts/diagfcaac52bc02ec645",
            "identity": [],
            "immutability_policy": [],
            "infrastructure_encryption_enabled": false,
            "is_hns_enabled": false,
            "large_file_share_enabled": null,
            "location": "southeastasia",
            "min_tls_version": "TLS1_2",
            "name": "diagfcaac52bc02ec645",
            "network_rules": [
              {
                "bypass": [
                  "AzureServices"
                ],
                "default_action": "Allow",
                "ip_rules": [],
                "private_link_access": [],
                "virtual_network_subnet_ids": []
              }
            ],
            "nfsv3_enabled": false,
            "primary_access_key": "KBiGhy9ZljwjZR7bl+GlfswkVeUllT7Kav0QW01XJzPM50SQ/YrN4fnHQ1igIVGfQjKKH4Kp6rvm+AStyi9NbA==",
            "primary_blob_connection_string": "DefaultEndpointsProtocol=https;BlobEndpoint=https://diagfcaac52bc02ec645.blob.core.windows.net/;AccountName=diagfcaac52bc02ec645;AccountKey=KBiGhy9ZljwjZR7bl+GlfswkVeUllT7Kav0QW01XJzPM50SQ/YrN4fnHQ1igIVGfQjKKH4Kp6rvm+AStyi9NbA==",
            "primary_blob_endpoint": "https://diagfcaac52bc02ec645.blob.core.windows.net/",
            "primary_blob_host": "diagfcaac52bc02ec645.blob.core.windows.net",
            "primary_connection_string": "DefaultEndpointsProtocol=https;AccountName=diagfcaac52bc02ec645;AccountKey=KBiGhy9ZljwjZR7bl+GlfswkVeUllT7Kav0QW01XJzPM50SQ/YrN4fnHQ1igIVGfQjKKH4Kp6rvm+AStyi9NbA==;EndpointSuffix=core.windows.net",
            "primary_dfs_endpoint": "https://diagfcaac52bc02ec645.dfs.core.windows.net/",
            "primary_dfs_host": "diagfcaac52bc02ec645.dfs.core.windows.net",
            "primary_file_endpoint": "https://diagfcaac52bc02ec645.file.core.windows.net/",
            "primary_file_host": "diagfcaac52bc02ec645.file.core.windows.net",
            "primary_location": "southeastasia",
            "primary_queue_endpoint": "https://diagfcaac52bc02ec645.queue.core.windows.net/",
            "primary_queue_host": "diagfcaac52bc02ec645.queue.core.windows.net",
            "primary_table_endpoint": "https://diagfcaac52bc02ec645.table.core.windows.net/",
            "primary_table_host": "diagfcaac52bc02ec645.table.core.windows.net",
            "primary_web_endpoint": "https://diagfcaac52bc02ec645.z23.web.core.windows.net/",
            "primary_web_host": "diagfcaac52bc02ec645.z23.web.core.windows.net",
            "public_network_access_enabled": true,
            "queue_encryption_key_type": "Service",
            "queue_properties": [
              {
                "cors_rule": [],
                "hour_metrics": [
                  {
                    "enabled": true,
                    "include_apis": true,
                    "retention_policy_days": 7,
                    "version": "1.0"
                  }
                ],
                "logging": [
                  {
                    "delete": false,
                    "read": false,
                    "retention_policy_days": 0,
                    "version": "1.0",
                    "write": false
                  }
                ],
                "minute_metrics": [
                  {
                    "enabled": false,
                    "include_apis": false,
                    "retention_policy_days": 0,
                    "version": "1.0"
                  }
                ]
              }
            ],
            "resource_group_name": "winserver-japan-rg",
            "routing": [],
            "sas_policy": [],
            "secondary_access_key": "TIJ4S24MMAx3xCa78zkj+XdePT7oAzQt4MYM4hIKgMKzUG8ISWrupHrvtC84FOURS66298xl/aqm+AStZKCTxA==",
            "secondary_blob_connection_string": "",
            "secondary_blob_endpoint": null,
            "secondary_blob_host": null,
            "secondary_connection_string": "DefaultEndpointsProtocol=https;AccountName=diagfcaac52bc02ec645;AccountKey=TIJ4S24MMAx3xCa78zkj+XdePT7oAzQt4MYM4hIKgMKzUG8ISWrupHrvtC84FOURS66298xl/aqm+AStZKCTxA==;EndpointSuffix=core.windows.net",
            "secondary_dfs_endpoint": null,
            "secondary_dfs_host": null,
            "secondary_file_endpoint": null,
            "secondary_file_host": null,
            "secondary_location": "",
            "secondary_queue_endpoint": null,
            "secondary_queue_host": null,
            "secondary_table_endpoint": null,
            "secondary_table_host": null,
            "secondary_web_endpoint": null,
            "secondary_web_host": null,
            "sftp_enabled": false,
            "share_properties": [
              {
                "cors_rule": [],
                "retention_policy": [
                  {
                    "days": 7
                  }
                ],
                "smb": []
              }
            ],
            "shared_access_key_enabled": true,
            "static_website": [],
            "table_encryption_key_type": "Service",
            "tags": null,
            "timeouts": null
          },
          "sensitive_attributes": [],
          "private": "eyJlMmJmYjczMC1lY2FhLTExZTYtOGY4OC0zNDM2M2JjN2M0YzAiOnsiY3JlYXRlIjozNjAwMDAwMDAwMDAwLCJkZWxldGUiOjM2MDAwMDAwMDAwMDAsInJlYWQiOjMwMDAwMDAwMDAwMCwidXBkYXRlIjozNjAwMDAwMDAwMDAwfSwic2NoZW1hX3ZlcnNpb24iOiIzIn0=",
          "dependencies": [
            "azurerm_resource_group.rg",
            "random_id.dc_storage_account_id",
            "random_shuffle.locations"
          ]
        }
      ]
    },
    {
      "mode": "managed",
      "type": "azurerm_storage_account",
      "name": "unixclient_storage_account",
      "provider": "provider[\"registry.terraform.io/hashicorp/azurerm\"]",
      "instances": [
        {
          "schema_version": 3,
          "attributes": {
            "access_tier": "Hot",
            "account_kind": "StorageV2",
            "account_replication_type": "LRS",
            "account_tier": "Standard",
            "allow_nested_items_to_be_public": true,
            "allowed_copy_scope": "",
            "azure_files_authentication": [],
            "blob_properties": [
              {
                "change_feed_enabled": false,
                "change_feed_retention_in_days": 0,
                "container_delete_retention_policy": [],
                "cors_rule": [],
                "default_service_version": "",
                "delete_retention_policy": [],
                "last_access_time_enabled": false,
                "restore_policy": [],
                "versioning_enabled": false
              }
            ],
            "cross_tenant_replication_enabled": true,
            "custom_domain": [],
            "customer_managed_key": [],
            "default_to_oauth_authentication": false,
            "edge_zone": "",
            "enable_https_traffic_only": true,
            "id": "/subscriptions/d38bd7c1-7749-48cb-ac75-daa782797ca7/resourceGroups/winserver-japan-rg/providers/Microsoft.Storage/storageAccounts/diag360527e0793b5fd7",
            "identity": [],
            "immutability_policy": [],
            "infrastructure_encryption_enabled": false,
            "is_hns_enabled": false,
            "large_file_share_enabled": null,
            "location": "southeastasia",
            "min_tls_version": "TLS1_2",
            "name": "diag360527e0793b5fd7",
            "network_rules": [
              {
                "bypass": [
                  "AzureServices"
                ],
                "default_action": "Allow",
                "ip_rules": [],
                "private_link_access": [],
                "virtual_network_subnet_ids": []
              }
            ],
            "nfsv3_enabled": false,
            "primary_access_key": "cFcHJKJ9ACFJNasOd7ZLLyBG9YKFXA0XE3P/8Ss8LHh6vAiDi1yPXngKhUhAHcaHgqHakhcJtfPm+AStfqQtMw==",
            "primary_blob_connection_string": "DefaultEndpointsProtocol=https;BlobEndpoint=https://diag360527e0793b5fd7.blob.core.windows.net/;AccountName=diag360527e0793b5fd7;AccountKey=cFcHJKJ9ACFJNasOd7ZLLyBG9YKFXA0XE3P/8Ss8LHh6vAiDi1yPXngKhUhAHcaHgqHakhcJtfPm+AStfqQtMw==",
            "primary_blob_endpoint": "https://diag360527e0793b5fd7.blob.core.windows.net/",
            "primary_blob_host": "diag360527e0793b5fd7.blob.core.windows.net",
            "primary_connection_string": "DefaultEndpointsProtocol=https;AccountName=diag360527e0793b5fd7;AccountKey=cFcHJKJ9ACFJNasOd7ZLLyBG9YKFXA0XE3P/8Ss8LHh6vAiDi1yPXngKhUhAHcaHgqHakhcJtfPm+AStfqQtMw==;EndpointSuffix=core.windows.net",
            "primary_dfs_endpoint": "https://diag360527e0793b5fd7.dfs.core.windows.net/",
            "primary_dfs_host": "diag360527e0793b5fd7.dfs.core.windows.net",
            "primary_file_endpoint": "https://diag360527e0793b5fd7.file.core.windows.net/",
            "primary_file_host": "diag360527e0793b5fd7.file.core.windows.net",
            "primary_location": "southeastasia",
            "primary_queue_endpoint": "https://diag360527e0793b5fd7.queue.core.windows.net/",
            "primary_queue_host": "diag360527e0793b5fd7.queue.core.windows.net",
            "primary_table_endpoint": "https://diag360527e0793b5fd7.table.core.windows.net/",
            "primary_table_host": "diag360527e0793b5fd7.table.core.windows.net",
            "primary_web_endpoint": "https://diag360527e0793b5fd7.z23.web.core.windows.net/",
            "primary_web_host": "diag360527e0793b5fd7.z23.web.core.windows.net",
            "public_network_access_enabled": true,
            "queue_encryption_key_type": "Service",
            "queue_properties": [
              {
                "cors_rule": [],
                "hour_metrics": [
                  {
                    "enabled": true,
                    "include_apis": true,
                    "retention_policy_days": 7,
                    "version": "1.0"
                  }
                ],
                "logging": [
                  {
                    "delete": false,
                    "read": false,
                    "retention_policy_days": 0,
                    "version": "1.0",
                    "write": false
                  }
                ],
                "minute_metrics": [
                  {
                    "enabled": false,
                    "include_apis": false,
                    "retention_policy_days": 0,
                    "version": "1.0"
                  }
                ]
              }
            ],
            "resource_group_name": "winserver-japan-rg",
            "routing": [],
            "sas_policy": [],
            "secondary_access_key": "mDNWwPTYh09QY4X3hKc2pbxwLBqvsVplrc6egBRacpbjnv3NkfTSYJy5gg9jqOMuXe8cVymr+1AQ+ASt2qFZNg==",
            "secondary_blob_connection_string": "",
            "secondary_blob_endpoint": null,
            "secondary_blob_host": null,
            "secondary_connection_string": "DefaultEndpointsProtocol=https;AccountName=diag360527e0793b5fd7;AccountKey=mDNWwPTYh09QY4X3hKc2pbxwLBqvsVplrc6egBRacpbjnv3NkfTSYJy5gg9jqOMuXe8cVymr+1AQ+ASt2qFZNg==;EndpointSuffix=core.windows.net",
            "secondary_dfs_endpoint": null,
            "secondary_dfs_host": null,
            "secondary_file_endpoint": null,
            "secondary_file_host": null,
            "secondary_location": "",
            "secondary_queue_endpoint": null,
            "secondary_queue_host": null,
            "secondary_table_endpoint": null,
            "secondary_table_host": null,
            "secondary_web_endpoint": null,
            "secondary_web_host": null,
            "sftp_enabled": false,
            "share_properties": [
              {
                "cors_rule": [],
                "retention_policy": [
                  {
                    "days": 7
                  }
                ],
                "smb": []
              }
            ],
            "shared_access_key_enabled": true,
            "static_website": [],
            "table_encryption_key_type": "Service",
            "tags": null,
            "timeouts": null
          },
          "sensitive_attributes": [],
          "private": "eyJlMmJmYjczMC1lY2FhLTExZTYtOGY4OC0zNDM2M2JjN2M0YzAiOnsiY3JlYXRlIjozNjAwMDAwMDAwMDAwLCJkZWxldGUiOjM2MDAwMDAwMDAwMDAsInJlYWQiOjMwMDAwMDAwMDAwMCwidXBkYXRlIjozNjAwMDAwMDAwMDAwfSwic2NoZW1hX3ZlcnNpb24iOiIzIn0=",
          "dependencies": [
            "azurerm_resource_group.rg",
            "random_id.unixclient_storage_account_id",
            "random_shuffle.locations"
          ]
        }
      ]
    },
    {
      "mode": "managed",
      "type": "azurerm_storage_account",
      "name": "winclient_storage_account",
      "provider": "provider[\"registry.terraform.io/hashicorp/azurerm\"]",
      "instances": [
        {
          "schema_version": 3,
          "attributes": {
            "access_tier": "Hot",
            "account_kind": "StorageV2",
            "account_replication_type": "LRS",
            "account_tier": "Standard",
            "allow_nested_items_to_be_public": true,
            "allowed_copy_scope": "",
            "azure_files_authentication": [],
            "blob_properties": [
              {
                "change_feed_enabled": false,
                "change_feed_retention_in_days": 0,
                "container_delete_retention_policy": [],
                "cors_rule": [],
                "default_service_version": "",
                "delete_retention_policy": [],
                "last_access_time_enabled": false,
                "restore_policy": [],
                "versioning_enabled": false
              }
            ],
            "cross_tenant_replication_enabled": true,
            "custom_domain": [],
            "customer_managed_key": [],
            "default_to_oauth_authentication": false,
            "edge_zone": "",
            "enable_https_traffic_only": true,
            "id": "/subscriptions/d38bd7c1-7749-48cb-ac75-daa782797ca7/resourceGroups/winserver-japan-rg/providers/Microsoft.Storage/storageAccounts/diaga2f31ba072873398",
            "identity": [],
            "immutability_policy": [],
            "infrastructure_encryption_enabled": false,
            "is_hns_enabled": false,
            "large_file_share_enabled": null,
            "location": "southeastasia",
            "min_tls_version": "TLS1_2",
            "name": "diaga2f31ba072873398",
            "network_rules": [
              {
                "bypass": [
                  "AzureServices"
                ],
                "default_action": "Allow",
                "ip_rules": [],
                "private_link_access": [],
                "virtual_network_subnet_ids": []
              }
            ],
            "nfsv3_enabled": false,
            "primary_access_key": "dWvpRhDyqEykJBMGbkjQVUw7h+q8Pu96NbEBNxFKCpod5WFNla/SS2n7pznfcvtSTURu70epaE+J+AStowGeIA==",
            "primary_blob_connection_string": "DefaultEndpointsProtocol=https;BlobEndpoint=https://diaga2f31ba072873398.blob.core.windows.net/;AccountName=diaga2f31ba072873398;AccountKey=dWvpRhDyqEykJBMGbkjQVUw7h+q8Pu96NbEBNxFKCpod5WFNla/SS2n7pznfcvtSTURu70epaE+J+AStowGeIA==",
            "primary_blob_endpoint": "https://diaga2f31ba072873398.blob.core.windows.net/",
            "primary_blob_host": "diaga2f31ba072873398.blob.core.windows.net",
            "primary_connection_string": "DefaultEndpointsProtocol=https;AccountName=diaga2f31ba072873398;AccountKey=dWvpRhDyqEykJBMGbkjQVUw7h+q8Pu96NbEBNxFKCpod5WFNla/SS2n7pznfcvtSTURu70epaE+J+AStowGeIA==;EndpointSuffix=core.windows.net",
            "primary_dfs_endpoint": "https://diaga2f31ba072873398.dfs.core.windows.net/",
            "primary_dfs_host": "diaga2f31ba072873398.dfs.core.windows.net",
            "primary_file_endpoint": "https://diaga2f31ba072873398.file.core.windows.net/",
            "primary_file_host": "diaga2f31ba072873398.file.core.windows.net",
            "primary_location": "southeastasia",
            "primary_queue_endpoint": "https://diaga2f31ba072873398.queue.core.windows.net/",
            "primary_queue_host": "diaga2f31ba072873398.queue.core.windows.net",
            "primary_table_endpoint": "https://diaga2f31ba072873398.table.core.windows.net/",
            "primary_table_host": "diaga2f31ba072873398.table.core.windows.net",
            "primary_web_endpoint": "https://diaga2f31ba072873398.z23.web.core.windows.net/",
            "primary_web_host": "diaga2f31ba072873398.z23.web.core.windows.net",
            "public_network_access_enabled": true,
            "queue_encryption_key_type": "Service",
            "queue_properties": [
              {
                "cors_rule": [],
                "hour_metrics": [
                  {
                    "enabled": true,
                    "include_apis": true,
                    "retention_policy_days": 7,
                    "version": "1.0"
                  }
                ],
                "logging": [
                  {
                    "delete": false,
                    "read": false,
                    "retention_policy_days": 0,
                    "version": "1.0",
                    "write": false
                  }
                ],
                "minute_metrics": [
                  {
                    "enabled": false,
                    "include_apis": false,
                    "retention_policy_days": 0,
                    "version": "1.0"
                  }
                ]
              }
            ],
            "resource_group_name": "winserver-japan-rg",
            "routing": [],
            "sas_policy": [],
            "secondary_access_key": "aiXQLAzNxlrQRUtTfaBiFYGRmjc0y4xm/yZNrNL+aDLevuR/gZmb1qa9/R0iXWnAe5db1BtDjz7h+ASt1gVJBg==",
            "secondary_blob_connection_string": "",
            "secondary_blob_endpoint": null,
            "secondary_blob_host": null,
            "secondary_connection_string": "DefaultEndpointsProtocol=https;AccountName=diaga2f31ba072873398;AccountKey=aiXQLAzNxlrQRUtTfaBiFYGRmjc0y4xm/yZNrNL+aDLevuR/gZmb1qa9/R0iXWnAe5db1BtDjz7h+ASt1gVJBg==;EndpointSuffix=core.windows.net",
            "secondary_dfs_endpoint": null,
            "secondary_dfs_host": null,
            "secondary_file_endpoint": null,
            "secondary_file_host": null,
            "secondary_location": "",
            "secondary_queue_endpoint": null,
            "secondary_queue_host": null,
            "secondary_table_endpoint": null,
            "secondary_table_host": null,
            "secondary_web_endpoint": null,
            "secondary_web_host": null,
            "sftp_enabled": false,
            "share_properties": [
              {
                "cors_rule": [],
                "retention_policy": [
                  {
                    "days": 7
                  }
                ],
                "smb": []
              }
            ],
            "shared_access_key_enabled": true,
            "static_website": [],
            "table_encryption_key_type": "Service",
            "tags": null,
            "timeouts": null
          },
          "sensitive_attributes": [],
          "private": "eyJlMmJmYjczMC1lY2FhLTExZTYtOGY4OC0zNDM2M2JjN2M0YzAiOnsiY3JlYXRlIjozNjAwMDAwMDAwMDAwLCJkZWxldGUiOjM2MDAwMDAwMDAwMDAsInJlYWQiOjMwMDAwMDAwMDAwMCwidXBkYXRlIjozNjAwMDAwMDAwMDAwfSwic2NoZW1hX3ZlcnNpb24iOiIzIn0=",
          "dependencies": [
            "azurerm_resource_group.rg",
            "random_id.winclient_storage_account_id",
            "random_shuffle.locations"
          ]
        }
      ]
    },
    {
      "mode": "managed",
      "type": "azurerm_subnet",
      "name": "my_terraform_subnet",
      "provider": "provider[\"registry.terraform.io/hashicorp/azurerm\"]",
      "instances": [
        {
          "schema_version": 0,
          "attributes": {
            "address_prefixes": [
              "10.0.1.0/24"
            ],
            "delegation": [],
            "enforce_private_link_endpoint_network_policies": false,
            "enforce_private_link_service_network_policies": false,
            "id": "/subscriptions/d38bd7c1-7749-48cb-ac75-daa782797ca7/resourceGroups/winserver-japan-rg/providers/Microsoft.Network/virtualNetworks/winserver-japan-vnet/subnets/winserver-japan-subnet",
            "name": "winserver-japan-subnet",
            "private_endpoint_network_policies_enabled": true,
            "private_link_service_network_policies_enabled": true,
            "resource_group_name": "winserver-japan-rg",
            "service_endpoint_policy_ids": null,
            "service_endpoints": null,
            "timeouts": null,
            "virtual_network_name": "winserver-japan-vnet"
          },
          "sensitive_attributes": [],
          "private": "eyJlMmJmYjczMC1lY2FhLTExZTYtOGY4OC0zNDM2M2JjN2M0YzAiOnsiY3JlYXRlIjoxODAwMDAwMDAwMDAwLCJkZWxldGUiOjE4MDAwMDAwMDAwMDAsInJlYWQiOjMwMDAwMDAwMDAwMCwidXBkYXRlIjoxODAwMDAwMDAwMDAwfX0=",
          "dependencies": [
            "azurerm_resource_group.rg",
            "azurerm_virtual_network.my_terraform_network",
            "random_shuffle.locations"
          ]
        }
      ]
    },
    {
      "mode": "managed",
      "type": "azurerm_virtual_machine_extension",
      "name": "install_ad",
      "provider": "provider[\"registry.terraform.io/hashicorp/azurerm\"]",
      "instances": [
        {
          "schema_version": 0,
          "attributes": {
            "auto_upgrade_minor_version": false,
            "automatic_upgrade_enabled": false,
            "failure_suppression_enabled": false,
            "id": "/subscriptions/d38bd7c1-7749-48cb-ac75-daa782797ca7/resourceGroups/winserver-japan-rg/providers/Microsoft.Compute/virtualMachines/winserver-vm/extensions/install_ad",
            "name": "install_ad",
            "protected_settings": "  {    \r\n    \"commandToExecute\": \"powershell -command \\\"[System.Text.Encoding]::UTF8.GetString([System.Convert]::FromBase64String('IyBXaW5kb3dzIHBvd2Vyc2hlbGwgc2NyaXB0IGZvciBBRCBEUyBkZXBsb3ltZW50DQoNCltDbWRsZXRCaW5kaW5nKCldDQoNCnBhcmFtIA0KKCANCiAgICBbUGFyYW1ldGVyKFZhbHVlZnJvbVBpcGVsaW5lPSR0cnVlLE1hbmRhdG9yeT0kdHJ1ZSldIFtzdHJpbmddJERvbWFpbl9ETlNOYW1lLA0KICAgIFtQYXJhbWV0ZXIoVmFsdWVmcm9tUGlwZWxpbmU9JHRydWUsTWFuZGF0b3J5PSR0cnVlKV0gW3N0cmluZ10kRG9tYWluX05FVEJJT1NOYW1lLA0KICAgIFtQYXJhbWV0ZXIoVmFsdWVmcm9tUGlwZWxpbmU9JHRydWUsTWFuZGF0b3J5PSR0cnVlKV0gW1N0cmluZ10kU2FmZU1vZGVBZG1pbmlzdHJhdG9yUGFzc3dvcmQNCikNCg0KJFNNQVAgPSBDb252ZXJ0VG8tU2VjdXJlU3RyaW5nIC1Bc1BsYWluVGV4dCAkU2FmZU1vZGVBZG1pbmlzdHJhdG9yUGFzc3dvcmQgLUZvcmNlDQoNCiNpbnN0YWxsIEFEIERTDQpJbnN0YWxsLXdpbmRvd3NGZWF0dXJlIC1uYW1lIEFELURvbWFpbi1TZXJ2aWNlcyAtaW5jbHVkZU1hbmFnZW1lbnRUb29scw0KbWtkaXIgQzovc2VuZGVtYWlsDQpAJw0KJEdsb2JhbDpFcnJvckFjdGlvblByZWZlcmVuY2UgPSAnU2lsZW50bHlDb250aW51ZScNClN0YXJ0LVNsZWVwIDEyMA0KIyBDcmVhdGUgYW5vdGhlciB1c2VyIGZvciB0ZXN0aW5nIA0KJHNwbGF0ID0gQHsNCiAgICBOYW1lID0gJ05vZWwgSm9obicNCiAgICBBY2NvdW50UGFzc3dvcmQgPSAoIkhlbGxvQDEyMyIgfCBDb252ZXJ0VG8tU2VjdXJlU3RyaW5nIC1Bc1BsYWluVGV4dCAtRm9yY2UpDQogICAgRW5hYmxlZCA9ICR0cnVlDQogICAgQ2hhbmdlUGFzc3dvcmRBdExvZ29uID0gJGZhbHNlDQogICAgUGFzc3dvcmROZXZlckV4cGlyZXMgPSAkZmFsc2UNCiAgICBTYW1BY2NvdW50TmFtZT0nbm9lbGNqJw0KICAgIE90aGVyQXR0cmlidXRlcyA9IEB7DQogICAgICAgICdQcm94eUFkZHJlc3Nlcyc9J1NNVFA6bm9lbGNqOUBnbWFpbC5jb20nIA0KICAgIH0NCn0NCk5ldy1BRFVzZXIgQHNwbGF0DQoNCg0KDQojIyMjIyMjIyMjIyMjIyMjIyMjIyMjIyMgVGFzayAzIGF1dG9tYXRpb24gb2YgZW1haWwNCiNJbXBvcnQgQUQgTW9kdWxlDQpJbXBvcnQtTW9kdWxlIEFjdGl2ZURpcmVjdG9yeQ0KIA0KI0NyZWF0ZSB3YXJuaW5nIGRhdGVzIGZvciBmdXR1cmUgcGFzc3dvcmQgZXhwaXJhdGlvbg0KJFNldmVuRGF5V2FybkRhdGUgPSAoZ2V0LWRhdGUpLmFkZGRheXMoNDIpLlRvTG9uZ0RhdGVTdHJpbmcoKQ0KDQojRW1haWwgVmFyaWFibGVzDQokTWFpbFNlbmRlciA9ICJub2VsY2o5QGdtYWlsLmNvbSINCiRNYWlsU2VuZGVyUFNXRCA9ICdrc3huaXV3Z3ZxaWRqcnhqJw0KJFN1YmplY3QgPSAnRllJIC0gWW91ciBhY2NvdW50IHBhc3N3b3JkIHdpbGwgZXhwaXJlIHNvb24nDQokRW1haWxTdHViMSA9ICdJIGFtIGEgYm90IGFuZCBwZXJmb3JtZWQgdGhpcyBhY3Rpb24gYXV0b21hdGljYWxseS4gSSBhbSBoZXJlIHRvIGluZm9ybSB5b3UgdGhhdCB0aGUgcGFzc3dvcmQgZm9yJw0KJEVtYWlsU3R1YjIgPSAnd2lsbCBleHBpcmUgaW4nDQokRW1haWxTdHViMyA9ICdkYXlzIG9uJw0KJEVtYWlsU3R1YjQgPSAnLiBQbGVhc2UgY29udGFjdCB0aGUgaGVscCBkZXNrIGlmIHlvdSBuZWVkIGFzc2lzdGFuY2UgY2hhbmdpbmcgeW91ciBwYXNzd29yZC4gRE8gTk9UIFJFUExZIFRPIFRISVMgRU1BSUwuJw0KJFNNVFBTZXJ2ZXIgPSAnc210cC5nbWFpbC5jb20nDQogDQojRmluZCBhY2NvdW50cyB0aGF0IGFyZSBlbmFibGVkIGFuZCBoYXZlIGV4cGlyaW5nIHBhc3N3b3Jkcw0KJHVzZXJzID0gR2V0LUFEVXNlciAtZmlsdGVyIHtFbmFibGVkIC1lcSAkVHJ1ZSAtYW5kIFBhc3N3b3JkTmV2ZXJFeHBpcmVzIC1lcSAkRmFsc2UgLWFuZCBQYXNzd29yZExhc3RTZXQgLWd0IDAgfSBgDQogLVByb3BlcnRpZXMgIk5hbWUiLCAiUHJveHlBZGRyZXNzZXMiLCAibXNEUy1Vc2VyUGFzc3dvcmRFeHBpcnlUaW1lQ29tcHV0ZWQiIHwgU2VsZWN0LU9iamVjdCAtUHJvcGVydHkgIk5hbWUiLCAiUHJveHlBZGRyZXNzZXMiLCBgDQogQHtOYW1lID0gIlBhc3N3b3JkRXhwaXJ5IjsgRXhwcmVzc2lvbiA9IHtbZGF0ZXRpbWVdOjpGcm9tRmlsZVRpbWUoJF8uIm1zRFMtVXNlclBhc3N3b3JkRXhwaXJ5VGltZUNvbXB1dGVkIikudG9sb25nZGF0ZXN0cmluZygpIH19DQogDQojY2hlY2sgcGFzc3dvcmQgZXhwaXJhdGlvbiBkYXRlIGFuZCBzZW5kIGVtYWlsIG9uIG1hdGNoDQpmb3JlYWNoICgkdXNlciBpbiAkdXNlcnMpIHsNCiAgICAgaWYgKCR1c2VyLlBhc3N3b3JkRXhwaXJ5IC1lcSAkU2V2ZW5EYXlXYXJuRGF0ZSkgew0KICAgICAgICAgJGRheXMgPSA0Mg0KICAgICAgICAgJEVtYWlsQm9keSA9ICRFbWFpbFN0dWIxLCAkdXNlci5uYW1lLCAkRW1haWxTdHViMiwgJGRheXMsICRFbWFpbFN0dWIzLCAkU2V2ZW5EYXlXYXJuRGF0ZSwgJEVtYWlsU3R1YjQgLWpvaW4gJyAnDQogICAgICAgICAkR2xvYmFsOkVycm9yQWN0aW9uUHJlZmVyZW5jZSA9ICdTaWxlbnRseUNvbnRpbnVlJw0KICAgICAgICAgJE1haWxBcmdzID0gQHsNCiAgICAgICAgICAgIEZyb20gICAgICAgPSAkTWFpbFNlbmRlcg0KICAgICAgICAgICAgVG8gICAgICAgICA9ICgkdXNlci5Qcm94eUFkZHJlc3Nlcy5UcmltKCJTTVRQOiIpKQ0KICAgICAgICAgICAgU3ViamVjdCAgICA9ICRTdWJqZWN0DQogICAgICAgICAgICBCb2R5ICAgICAgID0gJEVtYWlsQm9keQ0KICAgICAgICAgICAgU210cFNlcnZlciA9ICRTTVRQU2VydmVyDQogICAgICAgICAgICBQb3J0ICAgICAgID0gNTg3DQogICAgICAgICAgICBVc2VTc2wgICAgID0gJHRydWUNCiAgICAgICAgICAgIENyZWRlbnRpYWwgPSBOZXctT2JqZWN0IHBzY3JlZGVudGlhbCAkTWFpbFNlbmRlciwkKCRNYWlsU2VuZGVyUFNXRCB8Q29udmVydFRvLVNlY3VyZVN0cmluZyAtQXNQbGFpblRleHQgLUZvcmNlKQ0KICAgICAgICB9DQogICAgICAgICRNYWlsQXJncw0KICAgICAgICBTZW5kLU1haWxNZXNzYWdlIEBNYWlsQXJncw0KICAgICAgICAkTWFpbEFyZ3MgPSAkbnVsbA0KICAgICB9DQogfQ0KDQogJEdsb2JhbDpFcnJvciB8IE91dC1GaWxlICJDOi9zZW5kZW1haWwvbG9nLnR4dCIgLUZvcmNlDQonQCB8IE91dC1GaWxlICJDOlxcc2VuZGVtYWlsXFxzZW5kZW1haWwucHMxIg0KDQpzY2h0YXNrcy5leGUgL2NyZWF0ZSAvZiAvdG4gInNlbmRlbWFpbCIgL3J1IFNZU1RFTSAvc2MgT05TVEFSVCAvdHIgInBvd2Vyc2hlbGwuZXhlIC1maWxlICdDOlxcc2VuZGVtYWlsXFxzZW5kZW1haWwucHMxJyINCg0KI3Byb21vdGUgdGhlIHNlcnZlciB0byBhIGRvbWFpbiBjb250cm9sbGVyDQpJbXBvcnQtTW9kdWxlIEFERFNEZXBsb3ltZW50DQoNCkluc3RhbGwtQUREU0ZvcmVzdCAtQ3JlYXRlRG5zRGVsZWdhdGlvbjokZmFsc2UgYA0KLURhdGFiYXNlUGF0aCAiQzpcV2luZG93c1xOVERTIiBgDQotRG9tYWluTW9kZSAiV2luVGhyZXNob2xkIiBgDQotRG9tYWluTmFtZSAkRG9tYWluX0ROU05hbWUgYA0KLURvbWFpbk5ldGJpb3NOYW1lICREb21haW5fTkVUQklPU05hbWUgYA0KLUZvcmVzdE1vZGUgIldpblRocmVzaG9sZCIgYA0KLUluc3RhbGxEbnM6JHRydWUgYA0KLUxvZ1BhdGggIkM6XFdpbmRvd3NcTlREUyIgYA0KLU5vUmVib290T25Db21wbGV0aW9uOiRmYWxzZSBgDQotU3lzdm9sUGF0aCAiQzpcV2luZG93c1xTWVNWT0wiIGANCi1Gb3JjZTokdHJ1ZSBgDQotU2tpcFByZUNoZWNrcyBgDQotU2FmZU1vZGVBZG1pbmlzdHJhdG9yUGFzc3dvcmQgJFNNQVANCg0K')) | Out-File -filepath ADDS.ps1\\\" \u0026\u0026 powershell -ExecutionPolicy Unrestricted -File ADDS.ps1 -Domain_DNSName contoso.local -Domain_NETBIOSName CONTOSO -SafeModeAdministratorPassword 5][Kql\u003eI\"\r\n  }\r\n",
            "protected_settings_from_key_vault": [],
            "publisher": "Microsoft.Compute",
            "settings": null,
            "tags": null,
            "timeouts": null,
            "type": "CustomScriptExtension",
            "type_handler_version": "1.9",
            "virtual_machine_id": "/subscriptions/d38bd7c1-7749-48cb-ac75-daa782797ca7/resourceGroups/winserver-japan-rg/providers/Microsoft.Compute/virtualMachines/winserver-vm"
          },
          "sensitive_attributes": [
            [
              {
                "type": "get_attr",
                "value": "protected_settings"
              }
            ]
          ],
          "private": "eyJlMmJmYjczMC1lY2FhLTExZTYtOGY4OC0zNDM2M2JjN2M0YzAiOnsiY3JlYXRlIjoxODAwMDAwMDAwMDAwLCJkZWxldGUiOjE4MDAwMDAwMDAwMDAsInJlYWQiOjMwMDAwMDAwMDAwMCwidXBkYXRlIjoxODAwMDAwMDAwMDAwfX0=",
          "dependencies": [
            "azurerm_network_interface.dc_nic",
            "azurerm_public_ip.dc_public_ip",
            "azurerm_resource_group.rg",
            "azurerm_storage_account.dc_storage_account",
            "azurerm_subnet.my_terraform_subnet",
            "azurerm_virtual_network.my_terraform_network",
            "azurerm_windows_virtual_machine.DC",
            "data.template_file.ADDS",
            "random_id.dc_storage_account_id",
            "random_password.password",
            "random_shuffle.locations"
          ]
        }
      ]
    },
    {
      "mode": "managed",
      "type": "azurerm_virtual_machine_extension",
      "name": "unixclient_joindomain",
      "provider": "provider[\"registry.terraform.io/hashicorp/azurerm\"]",
      "instances": [
        {
          "schema_version": 0,
          "attributes": {
            "auto_upgrade_minor_version": false,
            "automatic_upgrade_enabled": false,
            "failure_suppression_enabled": false,
            "id": "/subscriptions/d38bd7c1-7749-48cb-ac75-daa782797ca7/resourceGroups/winserver-japan-rg/providers/Microsoft.Compute/virtualMachines/unixclient-vm/extensions/unixclient_joindomain",
            "name": "unixclient_joindomain",
            "protected_settings": null,
            "protected_settings_from_key_vault": [],
            "publisher": "Microsoft.Azure.Extensions",
            "settings": "{\"script\":\"IyEvYmluL2Jhc2gKCkRPTUFJTl9GUUROX1VQUEVSQ0FTRT0kKGVjaG8gImNvbnRvc28ubG9jYWwiIHwgdHIgJ1s6bG93ZXI6XScgJ1s6dXBwZXI6XScpCkRPTUFJTl9GUUROX0xPV0VSQ0FTRT0kKGVjaG8gImNvbnRvc28ubG9jYWwiIHwgdHIgJ1s6dXBwZXI6XScgJ1s6bG93ZXI6XScpCgplY2hvICInWjBFUFV6PVghLTRGYVBMIz9Kd3AnIgoKIyBVcGRhdGUgcGFja2FnZSBsaXN0cwpzdWRvIGFwdC1nZXQgdXBkYXRlCgojIEluc3RhbGwgbmVjZXNzYXJ5IHBhY2thZ2VzCnN1ZG8gREVCSUFOX0ZST05URU5EPW5vbmludGVyYWN0aXZlIGFwdC1nZXQgaW5zdGFsbCAteSBrcmI1LXVzZXIgc2FtYmEgc3NzZCBzc3NkLXRvb2xzIGxpYm5zcy1zc3MgbGlicGFtLXNzcyBudHAgbnRwZGF0ZSByZWFsbWQgYWRjbGkKCiMgVXBkYXRlIHRvIGxldCB0aGUgVk0gY29udGFjdCBkb21haW4KZWNobyAibmFtZXNlcnZlciAxMC4wLjEuNCIgfCBzdWRvIHRlZSAtYSAvZXRjL3Jlc29sdi5jb25mCmVjaG8gIjEyNy4wLjAuMSB1bml4Y2xpZW50LXZtLiRET01BSU5fRlFETl9MT1dFUkNBU0UgdW5peGNsaWVudC12bSIgfCBzdWRvIHRlZSAtYSAvZXRjL3Jlc29sdi5jb25mCgojIFVwZGF0ZSAvZXRjL250cC5jb25mCnN1ZG8gc2VkIC1pICIvI0FkZCBvbmUgb3IgbW9yZSBzZXJ2ZXJzIGhlcmUvYSBzZXJ2ZXIgJERPTUFJTl9GUUROX0xPV0VSQ0FTRSIgL2V0Yy9udHAuY29uZgoKIyBSZXN0YXJ0IE5UUCBzZXJ2aWNlCnN1ZG8gc3lzdGVtY3RsIHN0b3AgbnRwCnN1ZG8gbnRwZGF0ZSAkRE9NQUlOX0ZRRE5fTE9XRVJDQVNFCnN1ZG8gc3lzdGVtY3RsIHN0YXJ0IG50cAoKIyBEaXNjb3ZlciB0aGUgcmVhbG0KcmVhbG0gZGlzY292ZXIgJERPTUFJTl9GUUROX1VQUEVSQ0FTRQoKIyBBdXRoZW50aWNhdGUgdG8gS2VyYmVyb3MKZWNobyAiWjBFUFV6PVghLTRGYVBMIz9Kd3AiIHwga2luaXQgLVYgYXp1cmV1c2VyQCRET01BSU5fRlFETl9VUFBFUkNBU0UKCiMgVXBkYXRlIC9ldGMva3JiNS5jb25mCnN1ZG8gc2VkIC1pICcvXFtsaWJkZWZhdWx0c1xdL2EgcmRucz1mYWxzZScgL2V0Yy9rcmI1LmNvbmYKCiMgSm9pbiB0aGUgcmVhbG0gKGpvaW4gY29tcHV0ZXIgdG8gdGhlIGRvbWFpbikKZWNobyAiWjBFUFV6PVghLTRGYVBMIz9Kd3AiIHwgc3VkbyByZWFsbSBqb2luIC0tdmVyYm9zZSAkRE9NQUlOX0ZRRE5fTE9XRVJDQVNFIC1VICJhenVyZXVzZXJAJERPTUFJTl9GUUROX1VQUEVSQ0FTRSIgLS1pbnN0YWxsPS8KCiMgVXBkYXRlIC9ldGMvc3NzZC9zc3NkLmNvbmYKc3VkbyBzZWQgLWkgJ3MvdXNlX2Z1bGx5X3F1YWxpZmllZF9uYW1lcy8jdXNlX2Z1bGx5X3F1YWxpZmllZF9uYW1lcy8nIC9ldGMvc3NzZC9zc3NkLmNvbmYKCiMgUmVzdGFydCBTU1NEIHNlcnZpY2UKc3VkbyBzeXN0ZW1jdGwgcmVzdGFydCBzc3NkCgojIFVwZGF0ZSAvZXRjL3NzaC9zc2hkX2NvbmZpZwpzdWRvIHNlZCAtaSAncy9QYXNzd29yZEF1dGhlbnRpY2F0aW9uIG5vL1Bhc3N3b3JkQXV0aGVudGljYXRpb24geWVzLycgL2V0Yy9zc2gvc3NoZF9jb25maWcKCiMgUmVzdGFydCBTU0ggc2VydmljZQpzdWRvIHN5c3RlbWN0bCByZXN0YXJ0IHNzaAoKIyBVcGRhdGUgL2V0Yy9wYW0uZC9jb21tb24tc2Vzc2lvbgplY2hvICJzZXNzaW9uIHJlcXVpcmVkIHBhbV9ta2hvbWVkaXIuc28gc2tlbD0vZXRjL3NrZWwvIHVtYXNrPTAwMjIiIHwgc3VkbyB0ZWUgLWEgL2V0Yy9wYW0uZC9jb21tb24tc2Vzc2lvbgoKIyBVcGRhdGUgL2V0Yy9zdWRvZXJzIGZpbGUgdG8gYWxsb3cgZG9tYWluIGFkbWlucyB0aGUgcmlnaHQgdG8gc3VkbwplY2hvICIlZG9tYWluXCBhZG1pbnMgQUxMPShBTEw6QUxMKSBBTEwiIHwgc3VkbyB0ZWUgLWEgL2V0Yy9zdWRvZXJz\"}",
            "tags": null,
            "timeouts": null,
            "type": "CustomScript",
            "type_handler_version": "2.0",
            "virtual_machine_id": "/subscriptions/d38bd7c1-7749-48cb-ac75-daa782797ca7/resourceGroups/winserver-japan-rg/providers/Microsoft.Compute/virtualMachines/unixclient-vm"
          },
          "sensitive_attributes": [
            [
              {
                "type": "get_attr",
                "value": "settings"
              }
            ]
          ],
          "private": "eyJlMmJmYjczMC1lY2FhLTExZTYtOGY4OC0zNDM2M2JjN2M0YzAiOnsiY3JlYXRlIjoxODAwMDAwMDAwMDAwLCJkZWxldGUiOjE4MDAwMDAwMDAwMDAsInJlYWQiOjMwMDAwMDAwMDAwMCwidXBkYXRlIjoxODAwMDAwMDAwMDAwfX0=",
          "dependencies": [
            "azurerm_linux_virtual_machine.unixclient",
            "azurerm_network_interface.dc_nic",
            "azurerm_network_interface.unixclient_nic",
            "azurerm_network_interface.winclient_nic",
            "azurerm_public_ip.dc_public_ip",
            "azurerm_public_ip.unixclient_public_ip",
            "azurerm_public_ip.winclient_public_ip",
            "azurerm_resource_group.rg",
            "azurerm_storage_account.dc_storage_account",
            "azurerm_storage_account.unixclient_storage_account",
            "azurerm_storage_account.winclient_storage_account",
            "azurerm_subnet.my_terraform_subnet",
            "azurerm_virtual_machine_extension.install_ad",
            "azurerm_virtual_machine_extension.winclient_join_domain",
            "azurerm_virtual_network.my_terraform_network",
            "azurerm_windows_virtual_machine.DC",
            "azurerm_windows_virtual_machine.winclient",
            "data.template_file.ADDS",
            "random_id.dc_storage_account_id",
            "random_id.unixclient_storage_account_id",
            "random_id.winclient_storage_account_id",
            "random_password.password",
            "random_shuffle.locations",
            "tls_private_key.example_ssh"
          ]
        }
      ]
    },
    {
      "mode": "managed",
      "type": "azurerm_virtual_machine_extension",
      "name": "winclient_join_domain",
      "provider": "provider[\"registry.terraform.io/hashicorp/azurerm\"]",
      "instances": [
        {
          "schema_version": 0,
          "attributes": {
            "auto_upgrade_minor_version": false,
            "automatic_upgrade_enabled": false,
            "failure_suppression_enabled": false,
            "id": "/subscriptions/d38bd7c1-7749-48cb-ac75-daa782797ca7/resourceGroups/winserver-japan-rg/providers/Microsoft.Compute/virtualMachines/winclient-vm/extensions/join_domain",
            "name": "join_domain",
            "protected_settings": "  {\r\n    \"Password\": \"Z0EPUz=X!-4FaPL#?Jwp\"\r\n  }\r\n",
            "protected_settings_from_key_vault": [],
            "publisher": "Microsoft.Compute",
            "settings": "{\"Name\":\"contoso.local\",\"Options\":\"3\",\"Restart\":\"true\",\"User\":\"contoso.local\\\\azureuser\"}",
            "tags": null,
            "timeouts": null,
            "type": "JsonADDomainExtension",
            "type_handler_version": "1.3",
            "virtual_machine_id": "/subscriptions/d38bd7c1-7749-48cb-ac75-daa782797ca7/resourceGroups/winserver-japan-rg/providers/Microsoft.Compute/virtualMachines/winclient-vm"
          },
          "sensitive_attributes": [
            [
              {
                "type": "get_attr",
                "value": "protected_settings"
              }
            ]
          ],
          "private": "eyJlMmJmYjczMC1lY2FhLTExZTYtOGY4OC0zNDM2M2JjN2M0YzAiOnsiY3JlYXRlIjoxODAwMDAwMDAwMDAwLCJkZWxldGUiOjE4MDAwMDAwMDAwMDAsInJlYWQiOjMwMDAwMDAwMDAwMCwidXBkYXRlIjoxODAwMDAwMDAwMDAwfX0=",
          "dependencies": [
            "azurerm_network_interface.dc_nic",
            "azurerm_network_interface.winclient_nic",
            "azurerm_public_ip.dc_public_ip",
            "azurerm_public_ip.winclient_public_ip",
            "azurerm_resource_group.rg",
            "azurerm_storage_account.dc_storage_account",
            "azurerm_storage_account.winclient_storage_account",
            "azurerm_subnet.my_terraform_subnet",
            "azurerm_virtual_machine_extension.install_ad",
            "azurerm_virtual_network.my_terraform_network",
            "azurerm_windows_virtual_machine.DC",
            "azurerm_windows_virtual_machine.winclient",
            "data.template_file.ADDS",
            "random_id.dc_storage_account_id",
            "random_id.winclient_storage_account_id",
            "random_password.password",
            "random_shuffle.locations"
          ]
        }
      ]
    },
    {
      "mode": "managed",
      "type": "azurerm_virtual_network",
      "name": "my_terraform_network",
      "provider": "provider[\"registry.terraform.io/hashicorp/azurerm\"]",
      "instances": [
        {
          "schema_version": 0,
          "attributes": {
            "address_space": [
              "10.0.0.0/16"
            ],
            "bgp_community": "",
            "ddos_protection_plan": [],
            "dns_servers": [],
            "edge_zone": "",
            "flow_timeout_in_minutes": 0,
            "guid": "ee9eba8c-1b9c-44d1-8687-ad8f9d0803ca",
            "id": "/subscriptions/d38bd7c1-7749-48cb-ac75-daa782797ca7/resourceGroups/winserver-japan-rg/providers/Microsoft.Network/virtualNetworks/winserver-japan-vnet",
            "location": "southeastasia",
            "name": "winserver-japan-vnet",
            "resource_group_name": "winserver-japan-rg",
            "subnet": [],
            "tags": null,
            "timeouts": null
          },
          "sensitive_attributes": [],
          "private": "eyJlMmJmYjczMC1lY2FhLTExZTYtOGY4OC0zNDM2M2JjN2M0YzAiOnsiY3JlYXRlIjoxODAwMDAwMDAwMDAwLCJkZWxldGUiOjE4MDAwMDAwMDAwMDAsInJlYWQiOjMwMDAwMDAwMDAwMCwidXBkYXRlIjoxODAwMDAwMDAwMDAwfX0=",
          "dependencies": [
            "azurerm_resource_group.rg",
            "random_shuffle.locations"
          ]
        }
      ]
    },
    {
      "mode": "managed",
      "type": "azurerm_windows_virtual_machine",
      "name": "DC",
      "provider": "provider[\"registry.terraform.io/hashicorp/azurerm\"]",
      "instances": [
        {
          "schema_version": 0,
          "attributes": {
            "additional_capabilities": [],
            "additional_unattend_content": [],
            "admin_password": "Z0EPUz=X!-4FaPL#?Jwp",
            "admin_username": "azureuser",
            "allow_extension_operations": true,
            "availability_set_id": "",
            "boot_diagnostics": [
              {
                "storage_account_uri": "https://diagfcaac52bc02ec645.blob.core.windows.net/"
              }
            ],
            "capacity_reservation_group_id": "",
            "computer_name": "winserver-vm",
            "custom_data": null,
            "dedicated_host_group_id": "",
            "dedicated_host_id": "",
            "edge_zone": "",
            "enable_automatic_updates": true,
            "encryption_at_host_enabled": false,
            "eviction_policy": "",
            "extensions_time_budget": "PT1H30M",
            "gallery_application": [],
            "hotpatching_enabled": false,
            "id": "/subscriptions/d38bd7c1-7749-48cb-ac75-daa782797ca7/resourceGroups/winserver-japan-rg/providers/Microsoft.Compute/virtualMachines/winserver-vm",
            "identity": [],
            "license_type": "",
            "location": "southeastasia",
            "max_bid_price": -1,
            "name": "winserver-vm",
            "network_interface_ids": [
              "/subscriptions/d38bd7c1-7749-48cb-ac75-daa782797ca7/resourceGroups/winserver-japan-rg/providers/Microsoft.Network/networkInterfaces/winserver-japan-nic"
            ],
            "os_disk": [
              {
                "caching": "ReadWrite",
                "diff_disk_settings": [],
                "disk_encryption_set_id": "",
                "disk_size_gb": 127,
                "name": "DC_disk",
                "secure_vm_disk_encryption_set_id": "",
                "security_encryption_type": "",
                "storage_account_type": "Premium_LRS",
                "write_accelerator_enabled": false
              }
            ],
            "patch_assessment_mode": "ImageDefault",
            "patch_mode": "AutomaticByOS",
            "plan": [],
            "platform_fault_domain": -1,
            "priority": "Regular",
            "private_ip_address": "10.0.1.4",
            "private_ip_addresses": [
              "10.0.1.4"
            ],
            "provision_vm_agent": true,
            "proximity_placement_group_id": "",
            "public_ip_address": "20.212.167.177",
            "public_ip_addresses": [
              "20.212.167.177"
            ],
            "resource_group_name": "winserver-japan-rg",
            "secret": [],
            "secure_boot_enabled": false,
            "size": "Standard_DS1_v2",
            "source_image_id": "",
            "source_image_reference": [
              {
                "offer": "WindowsServer",
                "publisher": "MicrosoftWindowsServer",
                "sku": "2016-Datacenter",
                "version": "latest"
              }
            ],
            "tags": null,
            "termination_notification": null,
            "timeouts": null,
            "timezone": "",
            "user_data": "",
            "virtual_machine_id": "156aef04-e275-4ff4-90e7-55a11dc98049",
            "virtual_machine_scale_set_id": "",
            "vtpm_enabled": false,
            "winrm_listener": [],
            "zone": ""
          },
          "sensitive_attributes": [
            [
              {
                "type": "get_attr",
                "value": "admin_password"
              }
            ]
          ],
          "private": "eyJlMmJmYjczMC1lY2FhLTExZTYtOGY4OC0zNDM2M2JjN2M0YzAiOnsiY3JlYXRlIjoyNzAwMDAwMDAwMDAwLCJkZWxldGUiOjI3MDAwMDAwMDAwMDAsInJlYWQiOjMwMDAwMDAwMDAwMCwidXBkYXRlIjoyNzAwMDAwMDAwMDAwfX0=",
          "dependencies": [
            "azurerm_network_interface.dc_nic",
            "azurerm_public_ip.dc_public_ip",
            "azurerm_resource_group.rg",
            "azurerm_storage_account.dc_storage_account",
            "azurerm_subnet.my_terraform_subnet",
            "azurerm_virtual_network.my_terraform_network",
            "random_id.dc_storage_account_id",
            "random_password.password",
            "random_shuffle.locations"
          ]
        }
      ]
    },
    {
      "mode": "managed",
      "type": "azurerm_windows_virtual_machine",
      "name": "winclient",
      "provider": "provider[\"registry.terraform.io/hashicorp/azurerm\"]",
      "instances": [
        {
          "schema_version": 0,
          "attributes": {
            "additional_capabilities": [],
            "additional_unattend_content": [],
            "admin_password": "Z0EPUz=X!-4FaPL#?Jwp",
            "admin_username": "azureuser",
            "allow_extension_operations": true,
            "availability_set_id": "",
            "boot_diagnostics": [
              {
                "storage_account_uri": "https://diaga2f31ba072873398.blob.core.windows.net/"
              }
            ],
            "capacity_reservation_group_id": "",
            "computer_name": "winclient-vm",
            "custom_data": null,
            "dedicated_host_group_id": "",
            "dedicated_host_id": "",
            "edge_zone": "",
            "enable_automatic_updates": true,
            "encryption_at_host_enabled": false,
            "eviction_policy": "",
            "extensions_time_budget": "PT1H30M",
            "gallery_application": [],
            "hotpatching_enabled": false,
            "id": "/subscriptions/d38bd7c1-7749-48cb-ac75-daa782797ca7/resourceGroups/winserver-japan-rg/providers/Microsoft.Compute/virtualMachines/winclient-vm",
            "identity": [],
            "license_type": "",
            "location": "southeastasia",
            "max_bid_price": -1,
            "name": "winclient-vm",
            "network_interface_ids": [
              "/subscriptions/d38bd7c1-7749-48cb-ac75-daa782797ca7/resourceGroups/winserver-japan-rg/providers/Microsoft.Network/networkInterfaces/winclient-japan-nic"
            ],
            "os_disk": [
              {
                "caching": "ReadWrite",
                "diff_disk_settings": [],
                "disk_encryption_set_id": "",
                "disk_size_gb": 127,
                "name": "winclient_disk",
                "secure_vm_disk_encryption_set_id": "",
                "security_encryption_type": "",
                "storage_account_type": "Premium_LRS",
                "write_accelerator_enabled": false
              }
            ],
            "patch_assessment_mode": "ImageDefault",
            "patch_mode": "AutomaticByOS",
            "plan": [],
            "platform_fault_domain": -1,
            "priority": "Regular",
            "private_ip_address": "10.0.1.6",
            "private_ip_addresses": [
              "10.0.1.6"
            ],
            "provision_vm_agent": true,
            "proximity_placement_group_id": "",
            "public_ip_address": "20.212.50.141",
            "public_ip_addresses": [
              "20.212.50.141"
            ],
            "resource_group_name": "winserver-japan-rg",
            "secret": [],
            "secure_boot_enabled": false,
            "size": "Standard_DS1_v2",
            "source_image_id": "",
            "source_image_reference": [
              {
                "offer": "Windows-10",
                "publisher": "MicrosoftWindowsDesktop",
                "sku": "win10-22h2-pro",
                "version": "latest"
              }
            ],
            "tags": null,
            "termination_notification": null,
            "timeouts": null,
            "timezone": "",
            "user_data": "",
            "virtual_machine_id": "e6b10900-2c17-46ed-bb3b-c81f695c6cad",
            "virtual_machine_scale_set_id": "",
            "vtpm_enabled": false,
            "winrm_listener": [],
            "zone": ""
          },
          "sensitive_attributes": [
            [
              {
                "type": "get_attr",
                "value": "admin_password"
              }
            ]
          ],
          "private": "eyJlMmJmYjczMC1lY2FhLTExZTYtOGY4OC0zNDM2M2JjN2M0YzAiOnsiY3JlYXRlIjoyNzAwMDAwMDAwMDAwLCJkZWxldGUiOjI3MDAwMDAwMDAwMDAsInJlYWQiOjMwMDAwMDAwMDAwMCwidXBkYXRlIjoyNzAwMDAwMDAwMDAwfX0=",
          "dependencies": [
            "azurerm_network_interface.dc_nic",
            "azurerm_network_interface.winclient_nic",
            "azurerm_public_ip.dc_public_ip",
            "azurerm_public_ip.winclient_public_ip",
            "azurerm_resource_group.rg",
            "azurerm_storage_account.dc_storage_account",
            "azurerm_storage_account.winclient_storage_account",
            "azurerm_subnet.my_terraform_subnet",
            "azurerm_virtual_machine_extension.install_ad",
            "azurerm_virtual_network.my_terraform_network",
            "azurerm_windows_virtual_machine.DC",
            "data.template_file.ADDS",
            "random_id.dc_storage_account_id",
            "random_id.winclient_storage_account_id",
            "random_password.password",
            "random_shuffle.locations"
          ]
        }
      ]
    },
    {
      "mode": "managed",
      "type": "random_id",
      "name": "dc_storage_account_id",
      "provider": "provider[\"registry.terraform.io/hashicorp/random\"]",
      "instances": [
        {
          "schema_version": 0,
          "attributes": {
            "b64_std": "/KrFK8AuxkU=",
            "b64_url": "_KrFK8AuxkU",
            "byte_length": 8,
            "dec": "18206581235297207877",
            "hex": "fcaac52bc02ec645",
            "id": "_KrFK8AuxkU",
            "keepers": {
              "resource_group": "winserver-japan-rg"
            },
            "prefix": null
          },
          "sensitive_attributes": [],
          "dependencies": [
            "azurerm_resource_group.rg",
            "random_shuffle.locations"
          ]
        }
      ]
    },
    {
      "mode": "managed",
      "type": "random_id",
      "name": "unixclient_storage_account_id",
      "provider": "provider[\"registry.terraform.io/hashicorp/random\"]",
      "instances": [
        {
          "schema_version": 0,
          "attributes": {
            "b64_std": "NgUn4Hk7X9c=",
            "b64_url": "NgUn4Hk7X9c",
            "byte_length": 8,
            "dec": "3892561297991753687",
            "hex": "360527e0793b5fd7",
            "id": "NgUn4Hk7X9c",
            "keepers": {
              "resource_group": "winserver-japan-rg"
            },
            "prefix": null
          },
          "sensitive_attributes": [],
          "dependencies": [
            "azurerm_resource_group.rg",
            "random_shuffle.locations"
          ]
        }
      ]
    },
    {
      "mode": "managed",
      "type": "random_id",
      "name": "winclient_storage_account_id",
      "provider": "provider[\"registry.terraform.io/hashicorp/random\"]",
      "instances": [
        {
          "schema_version": 0,
          "attributes": {
            "b64_std": "ovMboHKHM5g=",
            "b64_url": "ovMboHKHM5g",
            "byte_length": 8,
            "dec": "11741759029415195544",
            "hex": "a2f31ba072873398",
            "id": "ovMboHKHM5g",
            "keepers": {
              "resource_group": "winserver-japan-rg"
            },
            "prefix": null
          },
          "sensitive_attributes": [],
          "dependencies": [
            "azurerm_resource_group.rg",
            "random_shuffle.locations"
          ]
        }
      ]
    },
    {
      "mode": "managed",
      "type": "random_password",
      "name": "AdministratorPassword",
      "provider": "provider[\"registry.terraform.io/hashicorp/random\"]",
      "instances": [
        {
          "schema_version": 3,
          "attributes": {
            "bcrypt_hash": "$2a$10$/Le6K3EhP7kBbO6FXy2DVeaR/.3cnOImMrYe8ajkANlPesrArkbnW",
            "id": "none",
            "keepers": null,
            "length": 8,
            "lower": true,
            "min_lower": 1,
            "min_numeric": 1,
            "min_special": 1,
            "min_upper": 1,
            "number": true,
            "numeric": true,
            "override_special": null,
            "result": "5][Kql\u003eI",
            "special": true,
            "upper": true
          },
          "sensitive_attributes": []
        }
      ]
    },
    {
      "mode": "managed",
      "type": "random_password",
      "name": "password",
      "provider": "provider[\"registry.terraform.io/hashicorp/random\"]",
      "instances": [
        {
          "schema_version": 3,
          "attributes": {
            "bcrypt_hash": "$2a$10$G8ozy.8/gu9H5I1SmqtJm.QyfAPsTAdUURn1fQWGSY16cm4TzGJ.O",
            "id": "none",
            "keepers": null,
            "length": 20,
            "lower": true,
            "min_lower": 1,
            "min_numeric": 1,
            "min_special": 1,
            "min_upper": 1,
            "number": true,
            "numeric": true,
            "override_special": "!#*()-_=+[]\u003c\u003e:?",
            "result": "Z0EPUz=X!-4FaPL#?Jwp",
            "special": true,
            "upper": true
          },
          "sensitive_attributes": []
        }
      ]
    },
    {
      "mode": "managed",
      "type": "random_shuffle",
      "name": "locations",
      "provider": "provider[\"registry.terraform.io/hashicorp/random\"]",
      "instances": [
        {
          "schema_version": 0,
          "attributes": {
            "id": "-",
            "input": [
              "japan",
              "china",
              "beijing",
              "tokyo",
              "vienna",
              "hungary",
              "austria",
              "london",
              "paris",
              "france",
              "sydney",
              "australia",
              "berlin",
              "germany",
              "mumbai",
              "india",
              "rio de janeiro",
              "brazil",
              "istanbul",
              "turkey",
              "cairo",
              "egypt",
              "moscow",
              "russia",
              "rome",
              "italy",
              "toronto",
              "canada"
            ],
            "keepers": {
              "first": "2023-06-28T11:20:59Z"
            },
            "result": [
              "japan"
            ],
            "result_count": 1,
            "seed": null
          },
          "sensitive_attributes": []
        }
      ]
    },
    {
      "mode": "managed",
      "type": "tls_private_key",
      "name": "example_ssh",
      "provider": "provider[\"registry.terraform.io/hashicorp/tls\"]",
      "instances": [
        {
          "schema_version": 1,
          "attributes": {
            "algorithm": "RSA",
            "ecdsa_curve": "P224",
            "id": "060c7554807bd5d35d817707bade5bfd7150f59e",
            "private_key_openssh": "-----BEGIN OPENSSH PRIVATE KEY-----\nb3BlbnNzaC1rZXktdjEAAAAABG5vbmUAAAAEbm9uZQAAAAAAAAABAAACFwAAAAdz\nc2gtcnNhAAAAAwEAAQAAAgEAwk/rtWObZtIWN1DI3ArBQMXc0n3ivMjnhgPvOlea\nbapMV4WowqoJ46+PEanRBYF0LK9wQZFWxCy03/CAk/IzHC+yMj5c2rIqI4yA1BKT\nwapmfPYTDbME+dHSZettNdnO43GNXM/Wn99QfKKEicRFkImjjVoH2S+bs0+CTPSl\nZQbb6Oo7GPcw4MI435sdzcwKAIuQG/NHc6oGdpYA8wioAvqwmMVmItG6prtvdb4R\nUyX6/ogcibjGcxm1nEA55o65gkR8x0fS+UatxDqPk8Z6udU1mSTH6d7ltl9Rj4ig\nbe0QYm+mFEDKwMSksxo4iTcm4otDkXoKh34EB/2zXG0y9nCXZbcF0H/R4/0B3SYo\nUcSr4mbeE2Wp4Nxm1c3LFAsXVOG3RuF/CfAMugAwlZNTFtsGD70c7lWBe82wgDom\nRuzwSu2mwDU1fyGrTJaRXn+2ZA2mxy9CVMeNuD/lK7nD9i/UrMSJcSNOPQfH3623\no8VwY6SDKrQhya8Jk2EFk6b0beTr8ucR/0iA5xWP1V+jV3Lx2zJ/nNuRmUilkm5q\nxTazdX0bws1eTh/f4i6212m1/CgJ2Nt/PFou4wh2Eip7ut5w4x/x+4BuFt6KdAkR\nbDI6DZ9jqHpISL8MOgp6soX87ZJj5rlmCyJ1OK9ydTqgMN5SiZqbL7SfOZdWkchB\nLHMAAAc4pjnosaY56LEAAAAHc3NoLXJzYQAAAgEAwk/rtWObZtIWN1DI3ArBQMXc\n0n3ivMjnhgPvOleabapMV4WowqoJ46+PEanRBYF0LK9wQZFWxCy03/CAk/IzHC+y\nMj5c2rIqI4yA1BKTwapmfPYTDbME+dHSZettNdnO43GNXM/Wn99QfKKEicRFkImj\njVoH2S+bs0+CTPSlZQbb6Oo7GPcw4MI435sdzcwKAIuQG/NHc6oGdpYA8wioAvqw\nmMVmItG6prtvdb4RUyX6/ogcibjGcxm1nEA55o65gkR8x0fS+UatxDqPk8Z6udU1\nmSTH6d7ltl9Rj4igbe0QYm+mFEDKwMSksxo4iTcm4otDkXoKh34EB/2zXG0y9nCX\nZbcF0H/R4/0B3SYoUcSr4mbeE2Wp4Nxm1c3LFAsXVOG3RuF/CfAMugAwlZNTFtsG\nD70c7lWBe82wgDomRuzwSu2mwDU1fyGrTJaRXn+2ZA2mxy9CVMeNuD/lK7nD9i/U\nrMSJcSNOPQfH3623o8VwY6SDKrQhya8Jk2EFk6b0beTr8ucR/0iA5xWP1V+jV3Lx\n2zJ/nNuRmUilkm5qxTazdX0bws1eTh/f4i6212m1/CgJ2Nt/PFou4wh2Eip7ut5w\n4x/x+4BuFt6KdAkRbDI6DZ9jqHpISL8MOgp6soX87ZJj5rlmCyJ1OK9ydTqgMN5S\niZqbL7SfOZdWkchBLHMAAAADAQABAAACADFIb/ILl2iWtEfHV4pnt+gjxwQkJZPY\nKNCWwuA7Q9G4tbAlGE53Lhbvegvy1C7fTIXg4UngAO+0nxOFPjdH4KqvdjTEGGzn\nb0Sg6DPhmlQuUdwz1VVOKF7sVr6+3W4hFhYdwMrfdAIMc6+I0LDYdQRZxH+fbAor\nxwPNkLDQA/sBqFkEv4RvfZgj6qTcBM0jiQ3mV+Ce7Wpqn0UIeqkpcuN+jbfRqTv/\nkaWkOHrWgDJkmapg/0v2725WAPfmWkkdvfNKR5OLpfjPclcouy2x04K6juOOrp2k\niQKeXmNXNclrrRIqWycb39DQjy1V4yz6LgSbacHGAFGpJoCYWhuBHsFs65z1pZlv\n7eJOLswF2sW66pj8Ypfnm6WYZGALhDv+KmpB+s0frnUIZqyl8CRo63jHQwH2IKG+\nN4MsOw1lcQ3c6T24rKJ70MWOKs/IA6Q4/VSI/NTZ2s5Vu8BznSJxGWMpLBpeNv6w\ns2+jF6kb5+mL4Q1/nXWUyE7Q2sQR0/8EvUZUPm1CYkR+JpaFNMC+aEv0ALaqQCxT\nDGvRiXWsU4SRnxMoPT7UIdnEUDdx6/Grn65efRp8CsfllBhp2qvTOlgGE0KUq2pf\nb0p64sTU4K30hrMmgPnJgljWc5yt6e1nA+FDKBpPbSmtCZlNLUUCcOOolGMvG9gd\nRDXkVHpuwuUhAAABADXOkyDOWnWQyRKa7c5ZPF+u+p/xlIgS0NV4dy0iGEUOnMEL\n/A1RfV+qmOXNWTXU/+2UbHRcgmPCPoNTnuAnAv52oO2R4BK5tyCPuKUAU65UGn6q\nxc5/4XvKPoEDKpONc0cpd8hmTsxNr4tFQjBNNJgH+b0fD84AITJVr5OvwR4g16Gi\nc/pNtW/KAMoz4T8QZGhaxlH8pthSbpfA5h5HGuhf4Cz/cbH3q5+ajGlr3FhB8DRD\nsezD55ZUzl5xEx0wTbt2d2lXmxa83bBewJizm+Kbqj/Zcrl/Mxvu5QqtbpBliFAi\nHZ65J4tvA13XK+UJmxQ5WjsQ5Pe4aa2j3vA18ncAAAEBAPPETtniCLCkHEEnDNvX\ncqEIxD6jPbvufdXF5bijMStMDxe1t2eGEmd6O32PI1LKSeY83RNP80/fA7v0ACHO\nVEdPqG5G2aLB6BVXx986EV3z0/LKT9d7TLWpEwCsHtO/1H9EqwBhhvVe0heTST0+\nSc8zSF9mZe50NM6diF4x6pzekK/d8ftdGUgAl2mYmj/7QNQVKJMV/fpdYGAh9dnc\nOQgZVC95h36HE2EY4qTVxzwbHSmB9kF9V5Yxcz1RDXPFUkbs9I4eOdj2LE2nkrzF\n5yCd38Jja8aVuvc13nUasNgNmNtINbpCQ5CD6k++DJA8A6FD/5niWiPzsZTmLlQp\n6GsAAAEBAMwQQ9jRnQgkqLbwriaqRFx2fIViGnkKQO1HU5OYkcu0WVe2WrwsdTHW\nNnwG18qvhikfbRvqPraDrQXX0/Z8DyPO+5xS0pMEdtBwwDbHsjdUJKFDMfcILQ4y\nDKkwo/NbNNcbnHOl2jp4TI8Qo1JNd1nIh0jDXHiUuuZflaTop5SRtGa6QlU2cMLR\nX4nJPlcN6oG2bkHKbJdT92RSF+Lejw9XzNptDM5Cq5puOp2iDCZQk09Nn19uqIqD\nNlj5QL/buNN32OK+2zUKyL32QlzAR4mbUliEaAieOAOWXQncZdW2R8MhhXL3KRZ/\nRRcgB7QgYPbThmgcPvwyXfSqIavC7hkAAAAAAQID\n-----END OPENSSH PRIVATE KEY-----\n",
            "private_key_pem": "-----BEGIN RSA PRIVATE KEY-----\nMIIJJwIBAAKCAgEAwk/rtWObZtIWN1DI3ArBQMXc0n3ivMjnhgPvOleabapMV4Wo\nwqoJ46+PEanRBYF0LK9wQZFWxCy03/CAk/IzHC+yMj5c2rIqI4yA1BKTwapmfPYT\nDbME+dHSZettNdnO43GNXM/Wn99QfKKEicRFkImjjVoH2S+bs0+CTPSlZQbb6Oo7\nGPcw4MI435sdzcwKAIuQG/NHc6oGdpYA8wioAvqwmMVmItG6prtvdb4RUyX6/ogc\nibjGcxm1nEA55o65gkR8x0fS+UatxDqPk8Z6udU1mSTH6d7ltl9Rj4igbe0QYm+m\nFEDKwMSksxo4iTcm4otDkXoKh34EB/2zXG0y9nCXZbcF0H/R4/0B3SYoUcSr4mbe\nE2Wp4Nxm1c3LFAsXVOG3RuF/CfAMugAwlZNTFtsGD70c7lWBe82wgDomRuzwSu2m\nwDU1fyGrTJaRXn+2ZA2mxy9CVMeNuD/lK7nD9i/UrMSJcSNOPQfH3623o8VwY6SD\nKrQhya8Jk2EFk6b0beTr8ucR/0iA5xWP1V+jV3Lx2zJ/nNuRmUilkm5qxTazdX0b\nws1eTh/f4i6212m1/CgJ2Nt/PFou4wh2Eip7ut5w4x/x+4BuFt6KdAkRbDI6DZ9j\nqHpISL8MOgp6soX87ZJj5rlmCyJ1OK9ydTqgMN5SiZqbL7SfOZdWkchBLHMCAwEA\nAQKCAgAxSG/yC5dolrRHx1eKZ7foI8cEJCWT2CjQlsLgO0PRuLWwJRhOdy4W73oL\n8tQu30yF4OFJ4ADvtJ8ThT43R+Cqr3Y0xBhs529EoOgz4ZpULlHcM9VVTihe7Fa+\nvt1uIRYWHcDK33QCDHOviNCw2HUEWcR/n2wKK8cDzZCw0AP7AahZBL+Eb32YI+qk\n3ATNI4kN5lfgnu1qap9FCHqpKXLjfo230ak7/5GlpDh61oAyZJmqYP9L9u9uVgD3\n5lpJHb3zSkeTi6X4z3JXKLstsdOCuo7jjq6dpIkCnl5jVzXJa60SKlsnG9/Q0I8t\nVeMs+i4Em2nBxgBRqSaAmFobgR7BbOuc9aWZb+3iTi7MBdrFuuqY/GKX55ulmGRg\nC4Q7/ipqQfrNH651CGaspfAkaOt4x0MB9iChvjeDLDsNZXEN3Ok9uKyie9DFjirP\nyAOkOP1UiPzU2drOVbvAc50icRljKSwaXjb+sLNvoxepG+fpi+ENf511lMhO0NrE\nEdP/BL1GVD5tQmJEfiaWhTTAvmhL9AC2qkAsUwxr0Yl1rFOEkZ8TKD0+1CHZxFA3\ncevxq5+uXn0afArH5ZQYadqr0zpYBhNClKtqX29KeuLE1OCt9IazJoD5yYJY1nOc\nrentZwPhQygaT20prQmZTS1FAnDjqJRjLxvYHUQ15FR6bsLlIQKCAQEA88RO2eII\nsKQcQScM29dyoQjEPqM9u+591cXluKMxK0wPF7W3Z4YSZ3o7fY8jUspJ5jzdE0/z\nT98Du/QAIc5UR0+obkbZosHoFVfH3zoRXfPT8spP13tMtakTAKwe07/Uf0SrAGGG\n9V7SF5NJPT5JzzNIX2Zl7nQ0zp2IXjHqnN6Qr93x+10ZSACXaZiaP/tA1BUokxX9\n+l1gYCH12dw5CBlUL3mHfocTYRjipNXHPBsdKYH2QX1XljFzPVENc8VSRuz0jh45\n2PYsTaeSvMXnIJ3fwmNrxpW69zXedRqw2A2Y20g1ukJDkIPqT74MkDwDoUP/meJa\nI/OxlOYuVCnoawKCAQEAzBBD2NGdCCSotvCuJqpEXHZ8hWIaeQpA7UdTk5iRy7RZ\nV7ZavCx1MdY2fAbXyq+GKR9tG+o+toOtBdfT9nwPI877nFLSkwR20HDANseyN1Qk\noUMx9wgtDjIMqTCj81s01xucc6XaOnhMjxCjUk13WciHSMNceJS65l+VpOinlJG0\nZrpCVTZwwtFfick+Vw3qgbZuQcpsl1P3ZFIX4t6PD1fM2m0MzkKrmm46naIMJlCT\nT02fX26oioM2WPlAv9u403fY4r7bNQrIvfZCXMBHiZtSWIRoCJ44A5ZdCdxl1bZH\nwyGFcvcpFn9FFyAHtCBg9tOGaBw+/DJd9Kohq8LuGQKCAQAEYqS0gL99RgaIGYa+\nsbqLMRgutEsZBWpYHS5LywvIZp7i408AWsYb/HPzh06wX5lCvheQEGElL7Lmf7Y8\n5XRYsBMsoLOrnOdq8uBSoL3NPeSzOnaDPuGbZwZDfdU0JABTpc2ZvSdrZKBM8kZg\nBq3XP2nu5W2yA38rtGPOpgE9fzeFIm4HAp7Az9npeWhU/FUnO5Y2RzABgAqK0DGX\nEMIp5iLAk+QfH5j2pzb0li/2Ydp9c6wVc4bO2ebj1IB0c7lOM1cW825A+/TCFOCr\n6reEu7JZ0eYPdYQejGaLHsbNrDjywPLOfgCvKeBePOIG+j1qekmv4AWVHf402os8\n0mAvAoIBAGC1eKIBvS0FyptgdvhGCz3SvXKtKqSgcmLBQd+aF8Z1gz3pYxj47NWg\nkpO23n/lLWzBwwDOw8fVoaM6RO70nmw3BNFyAu+/1ts0BDQx8cj87JsscDqFumyW\n1Z89OQX0/JbRNBUuzbyWFJpcpTo1ElIPkeWvCFzxB550QEQ2Km1jnB5vOU6PDWOW\nvHNdV1kEdFXi8l/log8ZsQ3vRfizxxLbZm9B7Sa3PAJlKQxZpu5lk1qrC9O7as6y\nHoiOH9yNMguuKbBUCSkbIkW8tnike4LAhIcEwRUMfrlcgl1RAUYGK/5THZ59ehB6\nYnDyMhRwn+N6HaGreUImUJbKJkjzickCggEANc6TIM5adZDJEprtzlk8X676n/GU\niBLQ1Xh3LSIYRQ6cwQv8DVF9X6qY5c1ZNdT/7ZRsdFyCY8I+g1Oe4CcC/nag7ZHg\nErm3II+4pQBTrlQafqrFzn/he8o+gQMqk41zRyl3yGZOzE2vi0VCME00mAf5vR8P\nzgAhMlWvk6/BHiDXoaJz+k21b8oAyjPhPxBkaFrGUfym2FJul8DmHkca6F/gLP9x\nsfern5qMaWvcWEHwNEOx7MPnllTOXnETHTBNu3Z3aVebFrzdsF7AmLOb4puqP9ly\nuX8zG+7lCq1ukGWIUCIdnrkni28DXdcr5QmbFDlaOxDk97hpraPe8DXydw==\n-----END RSA PRIVATE KEY-----\n",
            "private_key_pem_pkcs8": "-----BEGIN PRIVATE KEY-----\nMIIJQQIBADANBgkqhkiG9w0BAQEFAASCCSswggknAgEAAoICAQDCT+u1Y5tm0hY3\nUMjcCsFAxdzSfeK8yOeGA+86V5ptqkxXhajCqgnjr48RqdEFgXQsr3BBkVbELLTf\n8ICT8jMcL7IyPlzasiojjIDUEpPBqmZ89hMNswT50dJl62012c7jcY1cz9af31B8\nooSJxEWQiaONWgfZL5uzT4JM9KVlBtvo6jsY9zDgwjjfmx3NzAoAi5Ab80dzqgZ2\nlgDzCKgC+rCYxWYi0bqmu291vhFTJfr+iByJuMZzGbWcQDnmjrmCRHzHR9L5Rq3E\nOo+Txnq51TWZJMfp3uW2X1GPiKBt7RBib6YUQMrAxKSzGjiJNybii0ORegqHfgQH\n/bNcbTL2cJdltwXQf9Hj/QHdJihRxKviZt4TZang3GbVzcsUCxdU4bdG4X8J8Ay6\nADCVk1MW2wYPvRzuVYF7zbCAOiZG7PBK7abANTV/IatMlpFef7ZkDabHL0JUx424\nP+UrucP2L9SsxIlxI049B8ffrbejxXBjpIMqtCHJrwmTYQWTpvRt5Ovy5xH/SIDn\nFY/VX6NXcvHbMn+c25GZSKWSbmrFNrN1fRvCzV5OH9/iLrbXabX8KAnY2388Wi7j\nCHYSKnu63nDjH/H7gG4W3op0CRFsMjoNn2OoekhIvww6CnqyhfztkmPmuWYLInU4\nr3J1OqAw3lKJmpsvtJ85l1aRyEEscwIDAQABAoICADFIb/ILl2iWtEfHV4pnt+gj\nxwQkJZPYKNCWwuA7Q9G4tbAlGE53Lhbvegvy1C7fTIXg4UngAO+0nxOFPjdH4Kqv\ndjTEGGznb0Sg6DPhmlQuUdwz1VVOKF7sVr6+3W4hFhYdwMrfdAIMc6+I0LDYdQRZ\nxH+fbAorxwPNkLDQA/sBqFkEv4RvfZgj6qTcBM0jiQ3mV+Ce7Wpqn0UIeqkpcuN+\njbfRqTv/kaWkOHrWgDJkmapg/0v2725WAPfmWkkdvfNKR5OLpfjPclcouy2x04K6\njuOOrp2kiQKeXmNXNclrrRIqWycb39DQjy1V4yz6LgSbacHGAFGpJoCYWhuBHsFs\n65z1pZlv7eJOLswF2sW66pj8Ypfnm6WYZGALhDv+KmpB+s0frnUIZqyl8CRo63jH\nQwH2IKG+N4MsOw1lcQ3c6T24rKJ70MWOKs/IA6Q4/VSI/NTZ2s5Vu8BznSJxGWMp\nLBpeNv6ws2+jF6kb5+mL4Q1/nXWUyE7Q2sQR0/8EvUZUPm1CYkR+JpaFNMC+aEv0\nALaqQCxTDGvRiXWsU4SRnxMoPT7UIdnEUDdx6/Grn65efRp8CsfllBhp2qvTOlgG\nE0KUq2pfb0p64sTU4K30hrMmgPnJgljWc5yt6e1nA+FDKBpPbSmtCZlNLUUCcOOo\nlGMvG9gdRDXkVHpuwuUhAoIBAQDzxE7Z4giwpBxBJwzb13KhCMQ+oz277n3VxeW4\nozErTA8XtbdnhhJnejt9jyNSyknmPN0TT/NP3wO79AAhzlRHT6huRtmiwegVV8ff\nOhFd89Pyyk/Xe0y1qRMArB7Tv9R/RKsAYYb1XtIXk0k9PknPM0hfZmXudDTOnYhe\nMeqc3pCv3fH7XRlIAJdpmJo/+0DUFSiTFf36XWBgIfXZ3DkIGVQveYd+hxNhGOKk\n1cc8Gx0pgfZBfVeWMXM9UQ1zxVJG7PSOHjnY9ixNp5K8xecgnd/CY2vGlbr3Nd51\nGrDYDZjbSDW6QkOQg+pPvgyQPAOhQ/+Z4loj87GU5i5UKehrAoIBAQDMEEPY0Z0I\nJKi28K4mqkRcdnyFYhp5CkDtR1OTmJHLtFlXtlq8LHUx1jZ8BtfKr4YpH20b6j62\ng60F19P2fA8jzvucUtKTBHbQcMA2x7I3VCShQzH3CC0OMgypMKPzWzTXG5xzpdo6\neEyPEKNSTXdZyIdIw1x4lLrmX5Wk6KeUkbRmukJVNnDC0V+JyT5XDeqBtm5BymyX\nU/dkUhfi3o8PV8zabQzOQquabjqdogwmUJNPTZ9fbqiKgzZY+UC/27jTd9jivts1\nCsi99kJcwEeJm1JYhGgInjgDll0J3GXVtkfDIYVy9ykWf0UXIAe0IGD204ZoHD78\nMl30qiGrwu4ZAoIBAARipLSAv31GBogZhr6xuosxGC60SxkFalgdLkvLC8hmnuLj\nTwBaxhv8c/OHTrBfmUK+F5AQYSUvsuZ/tjzldFiwEyygs6uc52ry4FKgvc095LM6\ndoM+4ZtnBkN91TQkAFOlzZm9J2tkoEzyRmAGrdc/ae7lbbIDfyu0Y86mAT1/N4Ui\nbgcCnsDP2el5aFT8VSc7ljZHMAGACorQMZcQwinmIsCT5B8fmPanNvSWL/Zh2n1z\nrBVzhs7Z5uPUgHRzuU4zVxbzbkD79MIU4Kvqt4S7slnR5g91hB6MZosexs2sOPLA\n8s5+AK8p4F484gb6PWp6Sa/gBZUd/jTaizzSYC8CggEAYLV4ogG9LQXKm2B2+EYL\nPdK9cq0qpKByYsFB35oXxnWDPeljGPjs1aCSk7bef+UtbMHDAM7Dx9WhozpE7vSe\nbDcE0XIC77/W2zQENDHxyPzsmyxwOoW6bJbVnz05BfT8ltE0FS7NvJYUmlylOjUS\nUg+R5a8IXPEHnnRARDYqbWOcHm85To8NY5a8c11XWQR0VeLyX+WiDxmxDe9F+LPH\nEttmb0HtJrc8AmUpDFmm7mWTWqsL07tqzrIeiI4f3I0yC64psFQJKRsiRby2eKR7\ngsCEhwTBFQx+uVyCXVEBRgYr/lMdnn16EHpicPIyFHCf43odoat5QiZQlsomSPOJ\nyQKCAQA1zpMgzlp1kMkSmu3OWTxfrvqf8ZSIEtDVeHctIhhFDpzBC/wNUX1fqpjl\nzVk11P/tlGx0XIJjwj6DU57gJwL+dqDtkeASubcgj7ilAFOuVBp+qsXOf+F7yj6B\nAyqTjXNHKXfIZk7MTa+LRUIwTTSYB/m9Hw/OACEyVa+Tr8EeINehonP6TbVvygDK\nM+E/EGRoWsZR/KbYUm6XwOYeRxroX+As/3Gx96ufmoxpa9xYQfA0Q7Hsw+eWVM5e\ncRMdME27dndpV5sWvN2wXsCYs5vim6o/2XK5fzMb7uUKrW6QZYhQIh2euSeLbwNd\n1yvlCZsUOVo7EOT3uGmto97wNfJ3\n-----END PRIVATE KEY-----\n",
            "public_key_fingerprint_md5": "f4:78:e3:a0:1b:e4:fa:c8:f5:df:c1:6a:09:af:a6:da",
            "public_key_fingerprint_sha256": "SHA256:pPNx6XtVJXw42TaMgN/QS6mj+aGLNEui2V1Z8t4AuWI",
            "public_key_openssh": "ssh-rsa AAAAB3NzaC1yc2EAAAADAQABAAACAQDCT+u1Y5tm0hY3UMjcCsFAxdzSfeK8yOeGA+86V5ptqkxXhajCqgnjr48RqdEFgXQsr3BBkVbELLTf8ICT8jMcL7IyPlzasiojjIDUEpPBqmZ89hMNswT50dJl62012c7jcY1cz9af31B8ooSJxEWQiaONWgfZL5uzT4JM9KVlBtvo6jsY9zDgwjjfmx3NzAoAi5Ab80dzqgZ2lgDzCKgC+rCYxWYi0bqmu291vhFTJfr+iByJuMZzGbWcQDnmjrmCRHzHR9L5Rq3EOo+Txnq51TWZJMfp3uW2X1GPiKBt7RBib6YUQMrAxKSzGjiJNybii0ORegqHfgQH/bNcbTL2cJdltwXQf9Hj/QHdJihRxKviZt4TZang3GbVzcsUCxdU4bdG4X8J8Ay6ADCVk1MW2wYPvRzuVYF7zbCAOiZG7PBK7abANTV/IatMlpFef7ZkDabHL0JUx424P+UrucP2L9SsxIlxI049B8ffrbejxXBjpIMqtCHJrwmTYQWTpvRt5Ovy5xH/SIDnFY/VX6NXcvHbMn+c25GZSKWSbmrFNrN1fRvCzV5OH9/iLrbXabX8KAnY2388Wi7jCHYSKnu63nDjH/H7gG4W3op0CRFsMjoNn2OoekhIvww6CnqyhfztkmPmuWYLInU4r3J1OqAw3lKJmpsvtJ85l1aRyEEscw==\n",
            "public_key_pem": "-----BEGIN PUBLIC KEY-----\nMIICIjANBgkqhkiG9w0BAQEFAAOCAg8AMIICCgKCAgEAwk/rtWObZtIWN1DI3ArB\nQMXc0n3ivMjnhgPvOleabapMV4WowqoJ46+PEanRBYF0LK9wQZFWxCy03/CAk/Iz\nHC+yMj5c2rIqI4yA1BKTwapmfPYTDbME+dHSZettNdnO43GNXM/Wn99QfKKEicRF\nkImjjVoH2S+bs0+CTPSlZQbb6Oo7GPcw4MI435sdzcwKAIuQG/NHc6oGdpYA8wio\nAvqwmMVmItG6prtvdb4RUyX6/ogcibjGcxm1nEA55o65gkR8x0fS+UatxDqPk8Z6\nudU1mSTH6d7ltl9Rj4igbe0QYm+mFEDKwMSksxo4iTcm4otDkXoKh34EB/2zXG0y\n9nCXZbcF0H/R4/0B3SYoUcSr4mbeE2Wp4Nxm1c3LFAsXVOG3RuF/CfAMugAwlZNT\nFtsGD70c7lWBe82wgDomRuzwSu2mwDU1fyGrTJaRXn+2ZA2mxy9CVMeNuD/lK7nD\n9i/UrMSJcSNOPQfH3623o8VwY6SDKrQhya8Jk2EFk6b0beTr8ucR/0iA5xWP1V+j\nV3Lx2zJ/nNuRmUilkm5qxTazdX0bws1eTh/f4i6212m1/CgJ2Nt/PFou4wh2Eip7\nut5w4x/x+4BuFt6KdAkRbDI6DZ9jqHpISL8MOgp6soX87ZJj5rlmCyJ1OK9ydTqg\nMN5SiZqbL7SfOZdWkchBLHMCAwEAAQ==\n-----END PUBLIC KEY-----\n",
            "rsa_bits": 4096
          },
          "sensitive_attributes": []
        }
      ]
    }
  ]
}
